{
  "version": 4,
  "terraform_version": "1.11.4",
  "serial": 171,
  "lineage": "5fe82be0-9a1a-ccd3-c749-d9d2ce99aecc",
  "outputs": {
    "aws_profile": {
      "value": "ankush-katkurwar30",
      "type": "string"
    },
    "eks_cluster_endpoint": {
      "value": "https://94AA1B721CFE6DF1860CED327D710BD3.gr7.us-east-1.eks.amazonaws.com",
      "type": "string"
    },
    "eks_cluster_id": {
      "value": "EKS-By-Terraform-eks",
      "type": "string"
    },
    "oidc_arn": {
      "value": "arn:aws:iam::600748199510:oidc-provider/oidc.eks.us-east-1.amazonaws.com/id/94AA1B721CFE6DF1860CED327D710BD3",
      "type": "string"
    },
    "oidc_url": {
      "value": "oidc.eks.us-east-1.amazonaws.com/id/94AA1B721CFE6DF1860CED327D710BD3",
      "type": "string"
    }
  },
  "resources": [
    {
      "module": "module.eks_cluster",
      "mode": "data",
      "type": "aws_iam_policy_document",
      "name": "addons_assume_role_policy",
      "provider": "provider[\"registry.terraform.io/hashicorp/aws\"]",
      "instances": [
        {
          "schema_version": 0,
          "attributes": {
            "id": "1404761652",
            "json": "{\n  \"Version\": \"2012-10-17\",\n  \"Statement\": [\n    {\n      \"Effect\": \"Allow\",\n      \"Action\": \"sts:AssumeRoleWithWebIdentity\",\n      \"Principal\": {\n        \"Federated\": \"arn:aws:iam::600748199510:oidc-provider/oidc.eks.us-east-1.amazonaws.com/id/94AA1B721CFE6DF1860CED327D710BD3\"\n      },\n      \"Condition\": {\n        \"StringEquals\": {\n          \"oidc.eks.us-east-1.amazonaws.com/id/94AA1B721CFE6DF1860CED327D710BD3:sub\": \"system:serviceaccount:kube-system:aws-node\"\n        }\n      }\n    }\n  ]\n}",
            "minified_json": "{\"Version\":\"2012-10-17\",\"Statement\":[{\"Effect\":\"Allow\",\"Action\":\"sts:AssumeRoleWithWebIdentity\",\"Principal\":{\"Federated\":\"arn:aws:iam::600748199510:oidc-provider/oidc.eks.us-east-1.amazonaws.com/id/94AA1B721CFE6DF1860CED327D710BD3\"},\"Condition\":{\"StringEquals\":{\"oidc.eks.us-east-1.amazonaws.com/id/94AA1B721CFE6DF1860CED327D710BD3:sub\":\"system:serviceaccount:kube-system:aws-node\"}}}]}",
            "override_json": null,
            "override_policy_documents": null,
            "policy_id": null,
            "source_json": null,
            "source_policy_documents": null,
            "statement": [
              {
                "actions": [
                  "sts:AssumeRoleWithWebIdentity"
                ],
                "condition": [
                  {
                    "test": "StringEquals",
                    "values": [
                      "system:serviceaccount:kube-system:aws-node"
                    ],
                    "variable": "oidc.eks.us-east-1.amazonaws.com/id/94AA1B721CFE6DF1860CED327D710BD3:sub"
                  }
                ],
                "effect": "Allow",
                "not_actions": [],
                "not_principals": [],
                "not_resources": [],
                "principals": [
                  {
                    "identifiers": [
                      "arn:aws:iam::600748199510:oidc-provider/oidc.eks.us-east-1.amazonaws.com/id/94AA1B721CFE6DF1860CED327D710BD3"
                    ],
                    "type": "Federated"
                  }
                ],
                "resources": [],
                "sid": ""
              }
            ],
            "version": "2012-10-17"
          },
          "sensitive_attributes": []
        }
      ]
    },
    {
      "module": "module.eks_cluster",
      "mode": "data",
      "type": "aws_iam_policy_document",
      "name": "karpenter_controller_assume_role_policy",
      "provider": "provider[\"registry.terraform.io/hashicorp/aws\"]",
      "instances": [
        {
          "schema_version": 0,
          "attributes": {
            "id": "1297189418",
            "json": "{\n  \"Version\": \"2012-10-17\",\n  \"Statement\": [\n    {\n      \"Effect\": \"Allow\",\n      \"Action\": \"sts:AssumeRoleWithWebIdentity\",\n      \"Principal\": {\n        \"Federated\": \"arn:aws:iam::600748199510:oidc-provider/oidc.eks.us-east-1.amazonaws.com/id/94AA1B721CFE6DF1860CED327D710BD3\"\n      },\n      \"Condition\": {\n        \"StringEquals\": {\n          \"oidc.eks.us-east-1.amazonaws.com/id/94AA1B721CFE6DF1860CED327D710BD3:sub\": \"system:serviceaccount:kube-system:karpenter\"\n        }\n      }\n    }\n  ]\n}",
            "minified_json": "{\"Version\":\"2012-10-17\",\"Statement\":[{\"Effect\":\"Allow\",\"Action\":\"sts:AssumeRoleWithWebIdentity\",\"Principal\":{\"Federated\":\"arn:aws:iam::600748199510:oidc-provider/oidc.eks.us-east-1.amazonaws.com/id/94AA1B721CFE6DF1860CED327D710BD3\"},\"Condition\":{\"StringEquals\":{\"oidc.eks.us-east-1.amazonaws.com/id/94AA1B721CFE6DF1860CED327D710BD3:sub\":\"system:serviceaccount:kube-system:karpenter\"}}}]}",
            "override_json": null,
            "override_policy_documents": null,
            "policy_id": null,
            "source_json": null,
            "source_policy_documents": null,
            "statement": [
              {
                "actions": [
                  "sts:AssumeRoleWithWebIdentity"
                ],
                "condition": [
                  {
                    "test": "StringEquals",
                    "values": [
                      "system:serviceaccount:kube-system:karpenter"
                    ],
                    "variable": "oidc.eks.us-east-1.amazonaws.com/id/94AA1B721CFE6DF1860CED327D710BD3:sub"
                  }
                ],
                "effect": "Allow",
                "not_actions": [],
                "not_principals": [],
                "not_resources": [],
                "principals": [
                  {
                    "identifiers": [
                      "arn:aws:iam::600748199510:oidc-provider/oidc.eks.us-east-1.amazonaws.com/id/94AA1B721CFE6DF1860CED327D710BD3"
                    ],
                    "type": "Federated"
                  }
                ],
                "resources": [],
                "sid": ""
              }
            ],
            "version": "2012-10-17"
          },
          "sensitive_attributes": []
        }
      ]
    },
    {
      "module": "module.eks_cluster",
      "mode": "data",
      "type": "tls_certificate",
      "name": "eks",
      "provider": "provider[\"registry.terraform.io/hashicorp/tls\"]",
      "instances": [
        {
          "schema_version": 0,
          "attributes": {
            "certificates": [
              {
                "cert_pem": "-----BEGIN CERTIFICATE-----\nMIIEdTCCA12gAwIBAgIJAKcOSkw0grd/MA0GCSqGSIb3DQEBCwUAMGgxCzAJBgNV\nBAYTAlVTMSUwIwYDVQQKExxTdGFyZmllbGQgVGVjaG5vbG9naWVzLCBJbmMuMTIw\nMAYDVQQLEylTdGFyZmllbGQgQ2xhc3MgMiBDZXJ0aWZpY2F0aW9uIEF1dGhvcml0\neTAeFw0wOTA5MDIwMDAwMDBaFw0zNDA2MjgxNzM5MTZaMIGYMQswCQYDVQQGEwJV\nUzEQMA4GA1UECBMHQXJpem9uYTETMBEGA1UEBxMKU2NvdHRzZGFsZTElMCMGA1UE\nChMcU3RhcmZpZWxkIFRlY2hub2xvZ2llcywgSW5jLjE7MDkGA1UEAxMyU3RhcmZp\nZWxkIFNlcnZpY2VzIFJvb3QgQ2VydGlmaWNhdGUgQXV0aG9yaXR5IC0gRzIwggEi\nMA0GCSqGSIb3DQEBAQUAA4IBDwAwggEKAoIBAQDVDDrEKvlO4vW+GZdfjohTsR8/\ny8+fIBNtKTrID30892t2OGPZNmCom15cAICyL1l/9of5JUOG52kbUpqQ4XHj2C0N\nTm/2yEnZtvMaVq4rtnQU68/7JuMauh2WLmo7WJSJR1b/JaCTcFOD2oR0FMNnngRo\nOt+OQFodSk7PQ5E751bWAHDLUu57fa4657wx+UX2wmDPE1kCK4DMNEffud6QZW0C\nzyyRpqbn3oUYSXxmTqM6bam17jQuug0DuDPfR+uxa40l2ZvOgdFFRjKWcIfeAg5J\nQ4W2bHO7ZOphQazJ1FTfhy/HIrImzJ9ZVGif/L4qL8RVHHVAYBeFAlU5i38FAgMB\nAAGjgfAwge0wDwYDVR0TAQH/BAUwAwEB/zAOBgNVHQ8BAf8EBAMCAYYwHQYDVR0O\nBBYEFJxfAN+qAdcwKziIorhtSpzyEZGDMB8GA1UdIwQYMBaAFL9ft9HO3R+G9FtV\nrNzXEMIOqYjnME8GCCsGAQUFBwEBBEMwQTAcBggrBgEFBQcwAYYQaHR0cDovL28u\nc3MyLnVzLzAhBggrBgEFBQcwAoYVaHR0cDovL3guc3MyLnVzL3guY2VyMCYGA1Ud\nHwQfMB0wG6AZoBeGFWh0dHA6Ly9zLnNzMi51cy9yLmNybDARBgNVHSAECjAIMAYG\nBFUdIAAwDQYJKoZIhvcNAQELBQADggEBACMd44pXyn3pF3lM8R5V/cxTbj5HD9/G\nVfKyBDbtgB9TxF00KGu+x1X8Z+rLP3+QsjPNG1gQggL4+C/1E2DUBc7xgQjB3ad1\nl08YuW3e95ORCLp+QCztweq7dp4zBncdDQh/U90bZKuCJ/Fp1U1ervShw3WnWEQt\n8jxwmKy6abaVd38PMV4s/KCHOkdp8Hlf9BRUpJVeEXgSYCfOn8J3/yNTd126/+pZ\n59vPr5KW7ySaNRB6nJHGDn2Z9j8Z3/VyVOEVqQdZe4O/Ui5GjLIAZHYcSNPYeehu\nVsyuLAOQ1xk4meTKCRlb/weWsKh/NEnfVqn3sF/tM+2MR7cwA130A4w=\n-----END CERTIFICATE-----\n",
                "is_ca": true,
                "issuer": "OU=Starfield Class 2 Certification Authority,O=Starfield Technologies\\, Inc.,C=US",
                "not_after": "2034-06-28T17:39:16Z",
                "not_before": "2009-09-02T00:00:00Z",
                "public_key_algorithm": "RSA",
                "serial_number": "12037640545166866303",
                "sha1_fingerprint": "9e99a48a9960b14926bb7f3b02e22da2b0ab7280",
                "signature_algorithm": "SHA256-RSA",
                "subject": "CN=Starfield Services Root Certificate Authority - G2,O=Starfield Technologies\\, Inc.,L=Scottsdale,ST=Arizona,C=US",
                "version": 3
              },
              {
                "cert_pem": "-----BEGIN CERTIFICATE-----\nMIIEkjCCA3qgAwIBAgITBn+USionzfP6wq4rAfkI7rnExjANBgkqhkiG9w0BAQsF\nADCBmDELMAkGA1UEBhMCVVMxEDAOBgNVBAgTB0FyaXpvbmExEzARBgNVBAcTClNj\nb3R0c2RhbGUxJTAjBgNVBAoTHFN0YXJmaWVsZCBUZWNobm9sb2dpZXMsIEluYy4x\nOzA5BgNVBAMTMlN0YXJmaWVsZCBTZXJ2aWNlcyBSb290IENlcnRpZmljYXRlIEF1\ndGhvcml0eSAtIEcyMB4XDTE1MDUyNTEyMDAwMFoXDTM3MTIzMTAxMDAwMFowOTEL\nMAkGA1UEBhMCVVMxDzANBgNVBAoTBkFtYXpvbjEZMBcGA1UEAxMQQW1hem9uIFJv\nb3QgQ0EgMTCCASIwDQYJKoZIhvcNAQEBBQADggEPADCCAQoCggEBALJ4gHHKeNXj\nca9HgFB0fW7Y14h29Jlo91ghYPl0hAEvrAIthtOgQ3pOsqTQNroBvo3bSMgHFzZM\n9O6II8c+6zf1tRn4SWiw3te5djgdYZ6k/oI2peVKVuRF4fn9tBb6dNqcmzU5L/qw\nIFAGbHrQgLKm+a/sRxmPUDgH3KKHOVj4utWp+UhnMJbulHheb4mjUcAwhmahRWa6\nVOujw5H5SNz/0egwLX0tdHA114gk957EWW67c4cX8jJGKLhD+rcdqsq08p8kDi1L\n93FcXmn/6pUCyziKrlA4b9v7LWIbxcceVOF34GfID5yHI9Y/QCB/IIDEgEw+OyQm\njgSubJrIqg0CAwEAAaOCATEwggEtMA8GA1UdEwEB/wQFMAMBAf8wDgYDVR0PAQH/\nBAQDAgGGMB0GA1UdDgQWBBSEGMyFNOy8DJSULghZnMeyEE4KCDAfBgNVHSMEGDAW\ngBScXwDfqgHXMCs4iKK4bUqc8hGRgzB4BggrBgEFBQcBAQRsMGowLgYIKwYBBQUH\nMAGGImh0dHA6Ly9vY3NwLnJvb3RnMi5hbWF6b250cnVzdC5jb20wOAYIKwYBBQUH\nMAKGLGh0dHA6Ly9jcnQucm9vdGcyLmFtYXpvbnRydXN0LmNvbS9yb290ZzIuY2Vy\nMD0GA1UdHwQ2MDQwMqAwoC6GLGh0dHA6Ly9jcmwucm9vdGcyLmFtYXpvbnRydXN0\nLmNvbS9yb290ZzIuY3JsMBEGA1UdIAQKMAgwBgYEVR0gADANBgkqhkiG9w0BAQsF\nAAOCAQEAYjdCXLwQtT6LLOkMm2xF4gcAevnFWAu5CIw+7bMlPLVvUOTNNWqnkzSW\nMiGpSESrnO09tKpzbeR/FoCJbM8oAxiDR3mjEH4wW6w7sGDgd9QIpuEdfF7Au/ma\neyKdpwAJfqxGF4PcnCZXmTA5YpaP7dreqsXMGz7KQ2hsVxa81Q4gLv7/wmpdLqBK\nbRRYh5TmOTFffHPLkIhqhBGWJ6bt2YFGpn6jcgAKUj6DiAdjd4lpFw85hdKrCEVN\n0FE6/V1dN2RMfjCyVSRCnTawXZwXgWHxyvkQAiSr6w10kY17RSlQOYiypok1JR4U\nakcjMS9cmvqtmg5iUaQqqcT5NJ0hGA==\n-----END CERTIFICATE-----\n",
                "is_ca": true,
                "issuer": "CN=Starfield Services Root Certificate Authority - G2,O=Starfield Technologies\\, Inc.,L=Scottsdale,ST=Arizona,C=US",
                "not_after": "2037-12-31T01:00:00Z",
                "not_before": "2015-05-25T12:00:00Z",
                "public_key_algorithm": "RSA",
                "serial_number": "144918191876577076464031512351042010504348870",
                "sha1_fingerprint": "06b25927c42a721631c1efd9431e648fa62e1e39",
                "signature_algorithm": "SHA256-RSA",
                "subject": "CN=Amazon Root CA 1,O=Amazon,C=US",
                "version": 3
              },
              {
                "cert_pem": "-----BEGIN CERTIFICATE-----\nMIIEXjCCA0agAwIBAgITB3MSTNQG0mfAmRzdKZqfODF5hTANBgkqhkiG9w0BAQsF\nADA5MQswCQYDVQQGEwJVUzEPMA0GA1UEChMGQW1hem9uMRkwFwYDVQQDExBBbWF6\nb24gUm9vdCBDQSAxMB4XDTIyMDgyMzIyMjYwNFoXDTMwMDgyMzIyMjYwNFowPDEL\nMAkGA1UEBhMCVVMxDzANBgNVBAoTBkFtYXpvbjEcMBoGA1UEAxMTQW1hem9uIFJT\nQSAyMDQ4IE0wMzCCASIwDQYJKoZIhvcNAQEBBQADggEPADCCAQoCggEBALd/pVko\n8vuM475Tf45HV3BbCl/B9Jy89G1CRkFjcPY06WA9lS+7dWbUA7GtWUKoksr69hKM\nwcMsNpxlw7b3jeXFgxB09/nmalcAWtnLzF+LaDKEA5DQmvKzuh1nfIfqEiKCQSmX\nXh09Xs+dO7cm5qbaL2hhNJCSAejciwcvOFgFNgEMR42wm6KIFHsQW28jhA+1u/M0\np6fVwReuEgZfLfdx82Px0LJck3lST3EB/JfbdsdOzzzg5YkY1dfuqf8y5fUeZ7Cz\nWXbTjujwX/TovmeWKA36VLCz75azW6tDNuDn66FOpADZZ9omVaF6BqNJiLMVl6P3\n/c0OiUMC6Z5OfKcCAwEAAaOCAVowggFWMBIGA1UdEwEB/wQIMAYBAf8CAQAwDgYD\nVR0PAQH/BAQDAgGGMB0GA1UdJQQWMBQGCCsGAQUFBwMBBggrBgEFBQcDAjAdBgNV\nHQ4EFgQUVdkYX9IczAHhWLS+q9lVQgHXLgIwHwYDVR0jBBgwFoAUhBjMhTTsvAyU\nlC4IWZzHshBOCggwewYIKwYBBQUHAQEEbzBtMC8GCCsGAQUFBzABhiNodHRwOi8v\nb2NzcC5yb290Y2ExLmFtYXpvbnRydXN0LmNvbTA6BggrBgEFBQcwAoYuaHR0cDov\nL2NydC5yb290Y2ExLmFtYXpvbnRydXN0LmNvbS9yb290Y2ExLmNlcjA/BgNVHR8E\nODA2MDSgMqAwhi5odHRwOi8vY3JsLnJvb3RjYTEuYW1hem9udHJ1c3QuY29tL3Jv\nb3RjYTEuY3JsMBMGA1UdIAQMMAowCAYGZ4EMAQIBMA0GCSqGSIb3DQEBCwUAA4IB\nAQAGjeWm2cC+3z2MzSCnte46/7JZvj3iQZDY7EvODNdZF41n71Lrk9kbfNwerK0d\nVNzW36Wefr7j7ZSwBVg50W5ay65jNSN74TTQV1yt4WnSbVvN6KlMs1hiyOZdoHKs\nKDV2UGNxbdoBYCQNa2GYF8FQIWLugNp35aSOpMy6cFlymFQomIrnOQHwK1nvVY4q\nxDSJMU/gNJz17D8ArPN3ngnyZ2TwepJ0uBINz3G5te2rdFUF4i4Y3Bb7FUlHDYm4\nu8aIRGpk2ZpfXmxaoxnbIBZRvGLPSUuPwnwoUOMsJ8jirI5vs2dvchPb7MtI1rle\ni02f2ivH2vxkjDLltSpe2fiC\n-----END CERTIFICATE-----\n",
                "is_ca": true,
                "issuer": "CN=Amazon Root CA 1,O=Amazon,C=US",
                "not_after": "2030-08-23T22:26:04Z",
                "not_before": "2022-08-23T22:26:04Z",
                "public_key_algorithm": "RSA",
                "serial_number": "166129356476704345391986644047206454194698629",
                "sha1_fingerprint": "d9fe0a65fa00cabf61f5120d373a8135e1461f15",
                "signature_algorithm": "SHA256-RSA",
                "subject": "CN=Amazon RSA 2048 M03,O=Amazon,C=US",
                "version": 3
              },
              {
                "cert_pem": "-----BEGIN CERTIFICATE-----\nMIIF5zCCBM+gAwIBAgIQB8/B5LYdWaaSLNb9DZLprTANBgkqhkiG9w0BAQsFADA8\nMQswCQYDVQQGEwJVUzEPMA0GA1UEChMGQW1hem9uMRwwGgYDVQQDExNBbWF6b24g\nUlNBIDIwNDggTTAzMB4XDTI1MDIyNjAwMDAwMFoXDTI2MDMyNzIzNTk1OVowKDEm\nMCQGA1UEAwwdKi5la3MudXMtZWFzdC0xLmFtYXpvbmF3cy5jb20wggEiMA0GCSqG\nSIb3DQEBAQUAA4IBDwAwggEKAoIBAQCoHWcgrIv/D6CxSXSxAq0GuOPoCJqnVz6U\nMhp1YLE9OZs3jH8EfYlNpGtqOtLa1vZb8Lp4CZdATHTj1SoK01MwmXXIDm2Jj+Km\niQvZ0BBe5xroDWvf3r/LWG/WMkRtR4F+qPb9pVYlM9N3WZdSAKfTQTowGxebugLc\nM/+ZLvAxxdtaXK+LID6JRKRa2BIRHcfILiNJo7vIS/I+DOqXn9Rb0VFnkpYpGE+k\nm47kVkFFsToior7zlAwPv6VWsm+zZV9zNnCpu9FpJ3vkZE9OGHS6aChtSya2Qpyr\njyF98KIFTQ+FKtDZHf9XLHmV5v/IP2bWk7lzmPYW4PwcPhDUmC9PAgMBAAGjggL3\nMIIC8zAfBgNVHSMEGDAWgBRV2Rhf0hzMAeFYtL6r2VVCAdcuAjAdBgNVHQ4EFgQU\n6mCbzMC1FaJuw7tKpv7muQZDZrowKAYDVR0RBCEwH4IdKi5la3MudXMtZWFzdC0x\nLmFtYXpvbmF3cy5jb20wEwYDVR0gBAwwCjAIBgZngQwBAgEwDgYDVR0PAQH/BAQD\nAgWgMB0GA1UdJQQWMBQGCCsGAQUFBwMBBggrBgEFBQcDAjA7BgNVHR8ENDAyMDCg\nLqAshipodHRwOi8vY3JsLnIybTAzLmFtYXpvbnRydXN0LmNvbS9yMm0wMy5jcmww\ndQYIKwYBBQUHAQEEaTBnMC0GCCsGAQUFBzABhiFodHRwOi8vb2NzcC5yMm0wMy5h\nbWF6b250cnVzdC5jb20wNgYIKwYBBQUHMAKGKmh0dHA6Ly9jcnQucjJtMDMuYW1h\nem9udHJ1c3QuY29tL3IybTAzLmNlcjAMBgNVHRMBAf8EAjAAMIIBfwYKKwYBBAHW\neQIEAgSCAW8EggFrAWkAdgAOV5S8866pPjMbLJkHs/eQ35vCPXEyJd0hqSWsYcVO\nIQAAAZVBW4SGAAAEAwBHMEUCIQC+CghIdRNpEnK+JGxaeHOel/pYJSUsog1eklre\nLGmoTwIgAj1vm4d6u/93S7GVfw7qotajiMfgHeEf7lANQf0mxf4AdgBkEcRspBLs\np4kcogIuALyrTygH1B41J6vq/tUDyX3N8AAAAZVBW4Q1AAAEAwBHMEUCIAYyeDIv\nJD1IhUkb1E59cbCwTcAYChrSArEZOOAib3dJAiEAix8XjjqXhMNuji/u2fzLxeZ7\nc5PCtDHWx3Ky7QYBfCUAdwBJnJtp3h187Pw23s2HZKa4W68Kh4AZ0VVS++nrKd34\nwwAAAZVBW4RMAAAEAwBIMEYCIQCsj67XcK6jtETNJEPTYPaFqJOMlNtM0TeJwGhm\nBc81sQIhAJoirhaQzC4ydAzLvjpVqKYyuqLktiHkTqFq8IGxBAkIMA0GCSqGSIb3\nDQEBCwUAA4IBAQAjjE2au5fdV/DrlD3e5zZ5hTB4CicIARTWvJQ6EsQm/vbXPoUY\nSHRZkOodq0AJWEC/RImGu8bnVY8RzGsELkMzI4A8UxdlH2YGP8obg6MfP6yGZaHM\nnS4wLX05EnmrABaoRB/apt7tE4w+yRa7QoxUgiTPpFzaQVv1mTcGaWMG55U8tPg7\nLXm539O4OBukbP8HNvjBZ8+N0RYrtG0u0M4FMX1hMKG0bkjJiU6MVZfGJWcgp7I4\nbd5cj5SfE1EHL70P7ELaocXjnWKbys9Mc870aoRXVfAC4bZWU6F9Ke3O7ioXXd5L\n0mKQwrjkiglpYaXc247Qi8IUCdk6s13xHJ4e\n-----END CERTIFICATE-----\n",
                "is_ca": false,
                "issuer": "CN=Amazon RSA 2048 M03,O=Amazon,C=US",
                "not_after": "2026-03-27T23:59:59Z",
                "not_before": "2025-02-26T00:00:00Z",
                "public_key_algorithm": "RSA",
                "serial_number": "10383334045647432453656403708671617453",
                "sha1_fingerprint": "63462dda480d8b900e0a7dbfaf6238a62ba4fce0",
                "signature_algorithm": "SHA256-RSA",
                "subject": "CN=*.eks.us-east-1.amazonaws.com",
                "version": 3
              }
            ],
            "content": null,
            "id": "922877a0975ad078a65b8ff11ebc47b8311945c7",
            "url": "https://oidc.eks.us-east-1.amazonaws.com/id/94AA1B721CFE6DF1860CED327D710BD3",
            "verify_chain": true
          },
          "sensitive_attributes": []
        }
      ]
    },
    {
      "module": "module.eks_cluster",
      "mode": "managed",
      "type": "aws_eks_addon",
      "name": "ebs_csi",
      "provider": "provider[\"registry.terraform.io/hashicorp/aws\"]",
      "instances": [
        {
          "schema_version": 0,
          "attributes": {
            "addon_name": "aws-ebs-csi-driver",
            "addon_version": "v1.44.0-eksbuild.1",
            "arn": "arn:aws:eks:us-east-1:600748199510:addon/EKS-By-Terraform-eks/aws-ebs-csi-driver/40cbb156-a7e5-051e-6de2-6153a3703bf3",
            "cluster_name": "EKS-By-Terraform-eks",
            "configuration_values": "",
            "created_at": "2025-06-12T05:46:54Z",
            "id": "EKS-By-Terraform-eks:aws-ebs-csi-driver",
            "modified_at": "2025-06-12T05:47:46Z",
            "pod_identity_association": [],
            "preserve": null,
            "resolve_conflicts": null,
            "resolve_conflicts_on_create": null,
            "resolve_conflicts_on_update": null,
            "service_account_role_arn": "",
            "tags": {},
            "tags_all": {},
            "timeouts": null
          },
          "sensitive_attributes": [],
          "private": "eyJlMmJmYjczMC1lY2FhLTExZTYtOGY4OC0zNDM2M2JjN2M0YzAiOnsiY3JlYXRlIjoxMjAwMDAwMDAwMDAwLCJkZWxldGUiOjI0MDAwMDAwMDAwMDAsInVwZGF0ZSI6MTIwMDAwMDAwMDAwMH19",
          "dependencies": [
            "module.eks_cluster.aws_eks_cluster.eksCluster",
            "module.eks_cluster.module.eksIAM.aws_iam_instance_profile.karpenter",
            "module.eks_cluster.module.eksIAM.aws_iam_policy_attachment.eks_cluster_policy_attachment",
            "module.eks_cluster.module.eksIAM.aws_iam_policy_attachment.eks_service_policy_attachment",
            "module.eks_cluster.module.eksIAM.aws_iam_role.eks_cluster_role",
            "module.eks_cluster.module.eksIAM.aws_iam_role.eks_nodegroup_role",
            "module.eks_cluster.module.eksIAM.aws_iam_role_policy_attachment.AWSCSIProvisionerRolePolicy_cluster",
            "module.eks_cluster.module.eksIAM.aws_iam_role_policy_attachment.AWSCSIProvisionerRolePolicy_node",
            "module.eks_cluster.module.eksIAM.aws_iam_role_policy_attachment.karpenter_ssm_policy",
            "module.eks_cluster.module.eksIAM.aws_iam_role_policy_attachment.nodes-AmazonEC2ContainerRegistryReadOnly",
            "module.eks_cluster.module.eksIAM.aws_iam_role_policy_attachment.nodes-AmazonEKSWorkerNodePolicy",
            "module.eks_cluster.module.eksIAM.aws_iam_role_policy_attachment.nodes-AmazonEKS_CNI_Policy",
            "module.vpc_demo.aws_security_group.s_g",
            "module.vpc_demo.aws_subnet.private-subnet-1",
            "module.vpc_demo.aws_subnet.private-subnet-2",
            "module.vpc_demo.aws_vpc.my-vpc"
          ]
        }
      ]
    },
    {
      "module": "module.eks_cluster",
      "mode": "managed",
      "type": "aws_eks_addon",
      "name": "vpc_cni",
      "provider": "provider[\"registry.terraform.io/hashicorp/aws\"]",
      "instances": [
        {
          "schema_version": 0,
          "attributes": {
            "addon_name": "vpc-cni",
            "addon_version": "v1.19.2-eksbuild.1",
            "arn": "arn:aws:eks:us-east-1:600748199510:addon/EKS-By-Terraform-eks/vpc-cni/d4cbb151-1204-e7d8-d9c8-7426a6a446cf",
            "cluster_name": "EKS-By-Terraform-eks",
            "configuration_values": "",
            "created_at": "2025-06-12T05:34:42Z",
            "id": "EKS-By-Terraform-eks:vpc-cni",
            "modified_at": "2025-06-12T05:34:50Z",
            "pod_identity_association": [],
            "preserve": null,
            "resolve_conflicts": null,
            "resolve_conflicts_on_create": "OVERWRITE",
            "resolve_conflicts_on_update": null,
            "service_account_role_arn": "",
            "tags": {},
            "tags_all": {},
            "timeouts": null
          },
          "sensitive_attributes": [],
          "private": "eyJlMmJmYjczMC1lY2FhLTExZTYtOGY4OC0zNDM2M2JjN2M0YzAiOnsiY3JlYXRlIjoxMjAwMDAwMDAwMDAwLCJkZWxldGUiOjI0MDAwMDAwMDAwMDAsInVwZGF0ZSI6MTIwMDAwMDAwMDAwMH19",
          "dependencies": [
            "module.eks_cluster.aws_eks_cluster.eksCluster",
            "module.eks_cluster.module.eksIAM.aws_iam_instance_profile.karpenter",
            "module.eks_cluster.module.eksIAM.aws_iam_policy_attachment.eks_cluster_policy_attachment",
            "module.eks_cluster.module.eksIAM.aws_iam_policy_attachment.eks_service_policy_attachment",
            "module.eks_cluster.module.eksIAM.aws_iam_role.eks_cluster_role",
            "module.eks_cluster.module.eksIAM.aws_iam_role.eks_nodegroup_role",
            "module.eks_cluster.module.eksIAM.aws_iam_role_policy_attachment.AWSCSIProvisionerRolePolicy_cluster",
            "module.eks_cluster.module.eksIAM.aws_iam_role_policy_attachment.AWSCSIProvisionerRolePolicy_node",
            "module.eks_cluster.module.eksIAM.aws_iam_role_policy_attachment.karpenter_ssm_policy",
            "module.eks_cluster.module.eksIAM.aws_iam_role_policy_attachment.nodes-AmazonEC2ContainerRegistryReadOnly",
            "module.eks_cluster.module.eksIAM.aws_iam_role_policy_attachment.nodes-AmazonEKSWorkerNodePolicy",
            "module.eks_cluster.module.eksIAM.aws_iam_role_policy_attachment.nodes-AmazonEKS_CNI_Policy",
            "module.vpc_demo.aws_security_group.s_g",
            "module.vpc_demo.aws_subnet.private-subnet-1",
            "module.vpc_demo.aws_subnet.private-subnet-2",
            "module.vpc_demo.aws_vpc.my-vpc"
          ]
        }
      ]
    },
    {
      "module": "module.eks_cluster",
      "mode": "managed",
      "type": "aws_eks_cluster",
      "name": "eksCluster",
      "provider": "provider[\"registry.terraform.io/hashicorp/aws\"]",
      "instances": [
        {
          "schema_version": 1,
          "attributes": {
            "access_config": [
              {
                "authentication_mode": "CONFIG_MAP",
                "bootstrap_cluster_creator_admin_permissions": true
              }
            ],
            "arn": "arn:aws:eks:us-east-1:600748199510:cluster/EKS-By-Terraform-eks",
            "bootstrap_self_managed_addons": true,
            "certificate_authority": [
              {
                "data": "LS0tLS1CRUdJTiBDRVJUSUZJQ0FURS0tLS0tCk1JSURCVENDQWUyZ0F3SUJBZ0lJS2RSamhLdkdUZE13RFFZSktvWklodmNOQVFFTEJRQXdGVEVUTUJFR0ExVUUKQXhNS2EzVmlaWEp1WlhSbGN6QWVGdzB5TlRBMk1USXdOVEkzTUROYUZ3MHpOVEEyTVRBd05UTXlNRE5hTUJVeApFekFSQmdOVkJBTVRDbXQxWW1WeWJtVjBaWE13Z2dFaU1BMEdDU3FHU0liM0RRRUJBUVVBQTRJQkR3QXdnZ0VLCkFvSUJBUURRbFdGMEpOeVEzTlVPSkZMQzBkTnp0MjhoZ0swNzQ3WHpnZ0ZwQ1orSDVZUUcwMWVvaVJvN1dmcHcKSFcxL0lIRHBzSHJza05HejVzWDZRWlJVZ0cxNXJPSGZiT21KTlFDSVhrNzVxdW1heWZxSlhxSlJsU1UxQ0JlTQpQZ3gxNHNxcHphYzhtMVlSUTY0WEE3LzgwWFA2bUc4WmpKeEZPU0lGNXJOOEZncU1lRjdmYUNlb3FFZ3B3MjhZCkNOVXNQd1VKbEY1R0xUUGVvM0QxTGg2MjUxMGE3QkFZWllhanBrdnpTNlhIakY5R2RPdFFUZ0RaeSs4aCswUlcKNUJwNWdDMjVrMVlXVzdlTTloMUhteEdCU2dTdFZ3TzFQeHpxQU0xQ0JDQkpIOEt5L3NtaWNiL1pOUVhndlg2Ngp2SXJQd2dBMmpqb3J2bmY3U0E2TGQ4Y0x0eExoQWdNQkFBR2pXVEJYTUE0R0ExVWREd0VCL3dRRUF3SUNwREFQCkJnTlZIUk1CQWY4RUJUQURBUUgvTUIwR0ExVWREZ1FXQkJRTzFSZTZoZzZDWVF3Q3JWM1NLZ0VMOUFkYzh6QVYKQmdOVkhSRUVEakFNZ2dwcmRXSmxjbTVsZEdWek1BMEdDU3FHU0liM0RRRUJDd1VBQTRJQkFRQlU5eUp3a2FBaQpRdk44OWUrRXR2M2FRQkJKUHpDbGZ1L3VwMkduUE12b1E3ZkY1cmUwemc4MmFybXYycmM0a2dsY1BYSmMwQVltCmd0bTNzMTgxNXVuUHVqRXV5Vk55SmZ3dXg2K01aTjk5NDRWN0R3RGpVRysyZTc3NTIzTUdjWkR5TWtJY3VMc0IKTU5hbldVV3l6eUdqNVJaTG8yZUJhR1B1N1AxbExSWENWOUVjM25ZR1luKzdKS3BHeEZJZnpTZlZvQ1FTUGtvdwpkUXN1c3M5d2x0emYyVEI3TUNiZlFkRG9KbktxR2lnUkRFSm0vK0RVbzliTllrbE9RSjJra1RYUTBkbFpMeEFYClVpbnhjWTliWEI1OGFGT2dhT0IvcGU2ejBrWmpzVW1XSGxxczBudG1Yc0xzNHZNRUNGVVc3TENEbmlJUmNLWEsKNjVuMDZnZnhab05BCi0tLS0tRU5EIENFUlRJRklDQVRFLS0tLS0K"
              }
            ],
            "cluster_id": null,
            "compute_config": [],
            "created_at": "2025-06-12T05:27:10Z",
            "enabled_cluster_log_types": [],
            "encryption_config": [],
            "endpoint": "https://94AA1B721CFE6DF1860CED327D710BD3.gr7.us-east-1.eks.amazonaws.com",
            "force_update_version": null,
            "id": "EKS-By-Terraform-eks",
            "identity": [
              {
                "oidc": [
                  {
                    "issuer": "https://oidc.eks.us-east-1.amazonaws.com/id/94AA1B721CFE6DF1860CED327D710BD3"
                  }
                ]
              }
            ],
            "kubernetes_network_config": [
              {
                "elastic_load_balancing": [
                  {
                    "enabled": false
                  }
                ],
                "ip_family": "ipv4",
                "service_ipv4_cidr": "172.20.0.0/16",
                "service_ipv6_cidr": ""
              }
            ],
            "name": "EKS-By-Terraform-eks",
            "outpost_config": [],
            "platform_version": "eks.12",
            "remote_network_config": [],
            "role_arn": "arn:aws:iam::600748199510:role/eks_cluster_role",
            "status": "ACTIVE",
            "storage_config": [],
            "tags": {},
            "tags_all": {},
            "timeouts": null,
            "upgrade_policy": [
              {
                "support_type": "EXTENDED"
              }
            ],
            "version": "1.32",
            "vpc_config": [
              {
                "cluster_security_group_id": "sg-00f1a11a99f5b680e",
                "endpoint_private_access": false,
                "endpoint_public_access": true,
                "public_access_cidrs": [
                  "0.0.0.0/0"
                ],
                "security_group_ids": [
                  "sg-04318670fb16b736e"
                ],
                "subnet_ids": [
                  "subnet-047188a34e12e533d",
                  "subnet-083aba4a1a87e9ecc"
                ],
                "vpc_id": "vpc-06ed7597dd8cd268d"
              }
            ],
            "zonal_shift_config": []
          },
          "sensitive_attributes": [],
          "private": "eyJlMmJmYjczMC1lY2FhLTExZTYtOGY4OC0zNDM2M2JjN2M0YzAiOnsiY3JlYXRlIjoxODAwMDAwMDAwMDAwLCJkZWxldGUiOjkwMDAwMDAwMDAwMCwidXBkYXRlIjozNjAwMDAwMDAwMDAwfSwic2NoZW1hX3ZlcnNpb24iOiIxIn0=",
          "dependencies": [
            "module.eks_cluster.module.eksIAM.aws_iam_instance_profile.karpenter",
            "module.eks_cluster.module.eksIAM.aws_iam_policy_attachment.eks_cluster_policy_attachment",
            "module.eks_cluster.module.eksIAM.aws_iam_policy_attachment.eks_service_policy_attachment",
            "module.eks_cluster.module.eksIAM.aws_iam_role.eks_cluster_role",
            "module.eks_cluster.module.eksIAM.aws_iam_role.eks_nodegroup_role",
            "module.eks_cluster.module.eksIAM.aws_iam_role_policy_attachment.AWSCSIProvisionerRolePolicy_cluster",
            "module.eks_cluster.module.eksIAM.aws_iam_role_policy_attachment.AWSCSIProvisionerRolePolicy_node",
            "module.eks_cluster.module.eksIAM.aws_iam_role_policy_attachment.karpenter_ssm_policy",
            "module.eks_cluster.module.eksIAM.aws_iam_role_policy_attachment.nodes-AmazonEC2ContainerRegistryReadOnly",
            "module.eks_cluster.module.eksIAM.aws_iam_role_policy_attachment.nodes-AmazonEKSWorkerNodePolicy",
            "module.eks_cluster.module.eksIAM.aws_iam_role_policy_attachment.nodes-AmazonEKS_CNI_Policy",
            "module.vpc_demo.aws_security_group.s_g",
            "module.vpc_demo.aws_subnet.private-subnet-1",
            "module.vpc_demo.aws_subnet.private-subnet-2",
            "module.vpc_demo.aws_vpc.my-vpc"
          ],
          "create_before_destroy": true
        }
      ]
    },
    {
      "module": "module.eks_cluster",
      "mode": "managed",
      "type": "aws_eks_node_group",
      "name": "eks_node_group",
      "provider": "provider[\"registry.terraform.io/hashicorp/aws\"]",
      "instances": [
        {
          "schema_version": 0,
          "attributes": {
            "ami_type": "AL2023_x86_64_STANDARD",
            "arn": "arn:aws:eks:us-east-1:600748199510:nodegroup/EKS-By-Terraform-eks/demo_node_group/84cbb151-1203-88d1-d0e1-ec4f02489264",
            "capacity_type": "SPOT",
            "cluster_name": "EKS-By-Terraform-eks",
            "disk_size": 20,
            "force_update_version": null,
            "id": "EKS-By-Terraform-eks:demo_node_group",
            "instance_types": [
              "t3.medium"
            ],
            "labels": {
              "role": "general"
            },
            "launch_template": [],
            "node_group_name": "demo_node_group",
            "node_group_name_prefix": "",
            "node_repair_config": [],
            "node_role_arn": "arn:aws:iam::600748199510:role/eks_nodegroup_role",
            "release_version": "1.32.3-20250610",
            "remote_access": [],
            "resources": [
              {
                "autoscaling_groups": [
                  {
                    "name": "eks-demo_node_group-84cbb151-1203-88d1-d0e1-ec4f02489264"
                  }
                ],
                "remote_access_security_group_id": ""
              }
            ],
            "scaling_config": [
              {
                "desired_size": 2,
                "max_size": 2,
                "min_size": 1
              }
            ],
            "status": "ACTIVE",
            "subnet_ids": [
              "subnet-047188a34e12e533d",
              "subnet-083aba4a1a87e9ecc"
            ],
            "tags": {},
            "tags_all": {},
            "taint": [],
            "timeouts": null,
            "update_config": [
              {
                "max_unavailable": 1,
                "max_unavailable_percentage": 0
              }
            ],
            "version": "1.32"
          },
          "sensitive_attributes": [],
          "private": "eyJlMmJmYjczMC1lY2FhLTExZTYtOGY4OC0zNDM2M2JjN2M0YzAiOnsiY3JlYXRlIjozNjAwMDAwMDAwMDAwLCJkZWxldGUiOjM2MDAwMDAwMDAwMDAsInVwZGF0ZSI6MzYwMDAwMDAwMDAwMH19",
          "dependencies": [
            "module.eks_cluster.aws_eks_cluster.eksCluster",
            "module.eks_cluster.module.eksIAM.aws_iam_instance_profile.karpenter",
            "module.eks_cluster.module.eksIAM.aws_iam_policy_attachment.eks_cluster_policy_attachment",
            "module.eks_cluster.module.eksIAM.aws_iam_policy_attachment.eks_service_policy_attachment",
            "module.eks_cluster.module.eksIAM.aws_iam_role.eks_cluster_role",
            "module.eks_cluster.module.eksIAM.aws_iam_role.eks_nodegroup_role",
            "module.eks_cluster.module.eksIAM.aws_iam_role_policy_attachment.AWSCSIProvisionerRolePolicy_cluster",
            "module.eks_cluster.module.eksIAM.aws_iam_role_policy_attachment.AWSCSIProvisionerRolePolicy_node",
            "module.eks_cluster.module.eksIAM.aws_iam_role_policy_attachment.karpenter_ssm_policy",
            "module.eks_cluster.module.eksIAM.aws_iam_role_policy_attachment.nodes-AmazonEC2ContainerRegistryReadOnly",
            "module.eks_cluster.module.eksIAM.aws_iam_role_policy_attachment.nodes-AmazonEKSWorkerNodePolicy",
            "module.eks_cluster.module.eksIAM.aws_iam_role_policy_attachment.nodes-AmazonEKS_CNI_Policy",
            "module.vpc_demo.aws_security_group.s_g",
            "module.vpc_demo.aws_subnet.private-subnet-1",
            "module.vpc_demo.aws_subnet.private-subnet-2",
            "module.vpc_demo.aws_vpc.my-vpc"
          ],
          "create_before_destroy": true
        }
      ]
    },
    {
      "module": "module.eks_cluster",
      "mode": "managed",
      "type": "aws_iam_instance_profile",
      "name": "karpenter",
      "provider": "provider[\"registry.terraform.io/hashicorp/aws\"]",
      "instances": [
        {
          "schema_version": 0,
          "attributes": {
            "arn": "arn:aws:iam::600748199510:instance-profile/KarpenterNodeInstanceProfile",
            "create_date": "2025-06-12T05:27:01Z",
            "id": "KarpenterNodeInstanceProfile",
            "name": "KarpenterNodeInstanceProfile",
            "name_prefix": "",
            "path": "/",
            "role": "eks_nodegroup_role",
            "tags": {},
            "tags_all": {},
            "unique_id": "AIPAYXX3CBZLBXDJYGVGG"
          },
          "sensitive_attributes": [],
          "private": "bnVsbA==",
          "dependencies": [
            "module.eks_cluster.module.eksIAM.aws_iam_role.eks_nodegroup_role"
          ]
        }
      ]
    },
    {
      "module": "module.eks_cluster",
      "mode": "managed",
      "type": "aws_iam_openid_connect_provider",
      "name": "eks_oidc",
      "provider": "provider[\"registry.terraform.io/hashicorp/aws\"]",
      "instances": [
        {
          "schema_version": 0,
          "attributes": {
            "arn": "arn:aws:iam::600748199510:oidc-provider/oidc.eks.us-east-1.amazonaws.com/id/94AA1B721CFE6DF1860CED327D710BD3",
            "client_id_list": [
              "sts.amazonaws.com"
            ],
            "id": "arn:aws:iam::600748199510:oidc-provider/oidc.eks.us-east-1.amazonaws.com/id/94AA1B721CFE6DF1860CED327D710BD3",
            "tags": {},
            "tags_all": {},
            "thumbprint_list": [
              "9e99a48a9960b14926bb7f3b02e22da2b0ab7280"
            ],
            "url": "oidc.eks.us-east-1.amazonaws.com/id/94AA1B721CFE6DF1860CED327D710BD3"
          },
          "sensitive_attributes": [],
          "private": "bnVsbA==",
          "dependencies": [
            "module.eks_cluster.aws_eks_cluster.eksCluster",
            "module.eks_cluster.data.tls_certificate.eks",
            "module.eks_cluster.module.eksIAM.aws_iam_instance_profile.karpenter",
            "module.eks_cluster.module.eksIAM.aws_iam_policy_attachment.eks_cluster_policy_attachment",
            "module.eks_cluster.module.eksIAM.aws_iam_policy_attachment.eks_service_policy_attachment",
            "module.eks_cluster.module.eksIAM.aws_iam_role.eks_cluster_role",
            "module.eks_cluster.module.eksIAM.aws_iam_role.eks_nodegroup_role",
            "module.eks_cluster.module.eksIAM.aws_iam_role_policy_attachment.AWSCSIProvisionerRolePolicy_cluster",
            "module.eks_cluster.module.eksIAM.aws_iam_role_policy_attachment.AWSCSIProvisionerRolePolicy_node",
            "module.eks_cluster.module.eksIAM.aws_iam_role_policy_attachment.karpenter_ssm_policy",
            "module.eks_cluster.module.eksIAM.aws_iam_role_policy_attachment.nodes-AmazonEC2ContainerRegistryReadOnly",
            "module.eks_cluster.module.eksIAM.aws_iam_role_policy_attachment.nodes-AmazonEKSWorkerNodePolicy",
            "module.eks_cluster.module.eksIAM.aws_iam_role_policy_attachment.nodes-AmazonEKS_CNI_Policy",
            "module.vpc_demo.aws_security_group.s_g",
            "module.vpc_demo.aws_subnet.private-subnet-1",
            "module.vpc_demo.aws_subnet.private-subnet-2",
            "module.vpc_demo.aws_vpc.my-vpc"
          ]
        }
      ]
    },
    {
      "module": "module.eks_cluster",
      "mode": "managed",
      "type": "aws_iam_policy",
      "name": "karpenter_controller_policy",
      "provider": "provider[\"registry.terraform.io/hashicorp/aws\"]",
      "instances": [
        {
          "schema_version": 0,
          "attributes": {
            "arn": "arn:aws:iam::600748199510:policy/KarpenterControllerPolicy-EKS-By-Terraform-eks",
            "attachment_count": 1,
            "description": "",
            "id": "arn:aws:iam::600748199510:policy/KarpenterControllerPolicy-EKS-By-Terraform-eks",
            "name": "KarpenterControllerPolicy-EKS-By-Terraform-eks",
            "name_prefix": "",
            "path": "/",
            "policy": "{\"Statement\":[{\"Action\":[\"ssm:GetParameter\",\"ec2:DescribeImages\",\"ec2:RunInstances\",\"ec2:DescribeSubnets\",\"ec2:DescribeSecurityGroups\",\"ec2:DescribeLaunchTemplates\",\"ec2:DescribeInstances\",\"ec2:DescribeInstanceTypes\",\"ec2:DescribeInstanceTypeOfferings\",\"ec2:DeleteLaunchTemplate\",\"ec2:CreateTags\",\"ec2:CreateLaunchTemplate\",\"ec2:CreateFleet\",\"ec2:DescribeSpotPriceHistory\",\"pricing:GetProducts\"],\"Effect\":\"Allow\",\"Resource\":\"*\",\"Sid\":\"Karpenter\"},{\"Action\":\"ec2:TerminateInstances\",\"Condition\":{\"StringLike\":{\"ec2:ResourceTag/karpenter.sh/nodepool\":\"*\"}},\"Effect\":\"Allow\",\"Resource\":\"*\",\"Sid\":\"ConditionalEC2Termination\"},{\"Action\":\"iam:PassRole\",\"Effect\":\"Allow\",\"Resource\":\"arn:aws:iam::600748199510:role/eks_nodegroup_role\",\"Sid\":\"PassNodeIAMRole\"},{\"Action\":\"eks:DescribeCluster\",\"Effect\":\"Allow\",\"Resource\":\"arn:aws:eks:us-east-1:600748199510:cluster/EKS-By-Terraform-eks\",\"Sid\":\"EKSClusterEndpointLookup\"},{\"Action\":[\"iam:CreateInstanceProfile\"],\"Condition\":{\"StringEquals\":{\"aws:RequestTag/kubernetes.io/cluster/EKS-By-Terraform-eks\":\"owned\",\"aws:RequestTag/topology.kubernetes.io/region\":\"us-east-1\"},\"StringLike\":{\"aws:RequestTag/karpenter.k8s.aws/ec2nodeclass\":\"*\"}},\"Effect\":\"Allow\",\"Resource\":\"*\",\"Sid\":\"AllowScopedInstanceProfileCreationActions\"},{\"Action\":[\"iam:TagInstanceProfile\"],\"Condition\":{\"StringEquals\":{\"aws:RequestTag/kubernetes.io/cluster/EKS-By-Terraform-eks\":\"owned\",\"aws:RequestTag/topology.kubernetes.io/region\":\"us-east-1\",\"aws:ResourceTag/kubernetes.io/cluster/EKS-By-Terraform-eks\":\"owned\",\"aws:ResourceTag/topology.kubernetes.io/region\":\"us-east-1\"},\"StringLike\":{\"aws:RequestTag/karpenter.k8s.aws/ec2nodeclass\":\"*\",\"aws:ResourceTag/karpenter.k8s.aws/ec2nodeclass\":\"*\"}},\"Effect\":\"Allow\",\"Resource\":\"*\",\"Sid\":\"AllowScopedInstanceProfileTagActions\"},{\"Action\":[\"iam:AddRoleToInstanceProfile\",\"iam:RemoveRoleFromInstanceProfile\",\"iam:DeleteInstanceProfile\"],\"Condition\":{\"StringEquals\":{\"aws:ResourceTag/kubernetes.io/cluster/EKS-By-Terraform-eks\":\"owned\",\"aws:ResourceTag/topology.kubernetes.io/region\":\"us-east-1\"},\"StringLike\":{\"aws:ResourceTag/karpenter.k8s.aws/ec2nodeclass\":\"*\"}},\"Effect\":\"Allow\",\"Resource\":\"*\",\"Sid\":\"AllowScopedInstanceProfileActions\"},{\"Action\":\"iam:GetInstanceProfile\",\"Effect\":\"Allow\",\"Resource\":\"*\",\"Sid\":\"AllowInstanceProfileReadActions\"}],\"Version\":\"2012-10-17\"}",
            "policy_id": "ANPAYXX3CBZLEP6QRYCBX",
            "tags": {},
            "tags_all": {}
          },
          "sensitive_attributes": [],
          "private": "bnVsbA==",
          "dependencies": [
            "module.eks_cluster.aws_eks_cluster.eksCluster",
            "module.eks_cluster.module.eksIAM.aws_iam_instance_profile.karpenter",
            "module.eks_cluster.module.eksIAM.aws_iam_policy_attachment.eks_cluster_policy_attachment",
            "module.eks_cluster.module.eksIAM.aws_iam_policy_attachment.eks_service_policy_attachment",
            "module.eks_cluster.module.eksIAM.aws_iam_role.eks_cluster_role",
            "module.eks_cluster.module.eksIAM.aws_iam_role.eks_nodegroup_role",
            "module.eks_cluster.module.eksIAM.aws_iam_role_policy_attachment.AWSCSIProvisionerRolePolicy_cluster",
            "module.eks_cluster.module.eksIAM.aws_iam_role_policy_attachment.AWSCSIProvisionerRolePolicy_node",
            "module.eks_cluster.module.eksIAM.aws_iam_role_policy_attachment.karpenter_ssm_policy",
            "module.eks_cluster.module.eksIAM.aws_iam_role_policy_attachment.nodes-AmazonEC2ContainerRegistryReadOnly",
            "module.eks_cluster.module.eksIAM.aws_iam_role_policy_attachment.nodes-AmazonEKSWorkerNodePolicy",
            "module.eks_cluster.module.eksIAM.aws_iam_role_policy_attachment.nodes-AmazonEKS_CNI_Policy",
            "module.vpc_demo.aws_security_group.s_g",
            "module.vpc_demo.aws_subnet.private-subnet-1",
            "module.vpc_demo.aws_subnet.private-subnet-2",
            "module.vpc_demo.aws_vpc.my-vpc"
          ]
        }
      ]
    },
    {
      "module": "module.eks_cluster",
      "mode": "managed",
      "type": "aws_iam_role",
      "name": "addons_role",
      "provider": "provider[\"registry.terraform.io/hashicorp/aws\"]",
      "instances": [
        {
          "schema_version": 0,
          "attributes": {
            "arn": "arn:aws:iam::600748199510:role/Addons-IAM-Role",
            "assume_role_policy": "{\"Statement\":[{\"Action\":\"sts:AssumeRoleWithWebIdentity\",\"Condition\":{\"StringEquals\":{\"oidc.eks.us-east-1.amazonaws.com/id/94AA1B721CFE6DF1860CED327D710BD3:sub\":\"system:serviceaccount:kube-system:aws-node\"}},\"Effect\":\"Allow\",\"Principal\":{\"Federated\":\"arn:aws:iam::600748199510:oidc-provider/oidc.eks.us-east-1.amazonaws.com/id/94AA1B721CFE6DF1860CED327D710BD3\"}}],\"Version\":\"2012-10-17\"}",
            "create_date": "2025-06-12T05:50:37Z",
            "description": "",
            "force_detach_policies": false,
            "id": "Addons-IAM-Role",
            "inline_policy": [],
            "managed_policy_arns": [
              "arn:aws:iam::aws:policy/AmazonEKS_CNI_Policy",
              "arn:aws:iam::aws:policy/service-role/AmazonEBSCSIDriverPolicy"
            ],
            "max_session_duration": 3600,
            "name": "Addons-IAM-Role",
            "name_prefix": "",
            "path": "/",
            "permissions_boundary": "",
            "tags": {},
            "tags_all": {},
            "unique_id": "AROAYXX3CBZLLHD7YBMX6"
          },
          "sensitive_attributes": [],
          "private": "bnVsbA==",
          "dependencies": [
            "module.eks_cluster.aws_eks_cluster.eksCluster",
            "module.eks_cluster.aws_iam_openid_connect_provider.eks_oidc",
            "module.eks_cluster.data.aws_iam_policy_document.addons_assume_role_policy",
            "module.eks_cluster.data.tls_certificate.eks",
            "module.eks_cluster.module.eksIAM.aws_iam_instance_profile.karpenter",
            "module.eks_cluster.module.eksIAM.aws_iam_policy_attachment.eks_cluster_policy_attachment",
            "module.eks_cluster.module.eksIAM.aws_iam_policy_attachment.eks_service_policy_attachment",
            "module.eks_cluster.module.eksIAM.aws_iam_role.eks_cluster_role",
            "module.eks_cluster.module.eksIAM.aws_iam_role.eks_nodegroup_role",
            "module.eks_cluster.module.eksIAM.aws_iam_role_policy_attachment.AWSCSIProvisionerRolePolicy_cluster",
            "module.eks_cluster.module.eksIAM.aws_iam_role_policy_attachment.AWSCSIProvisionerRolePolicy_node",
            "module.eks_cluster.module.eksIAM.aws_iam_role_policy_attachment.karpenter_ssm_policy",
            "module.eks_cluster.module.eksIAM.aws_iam_role_policy_attachment.nodes-AmazonEC2ContainerRegistryReadOnly",
            "module.eks_cluster.module.eksIAM.aws_iam_role_policy_attachment.nodes-AmazonEKSWorkerNodePolicy",
            "module.eks_cluster.module.eksIAM.aws_iam_role_policy_attachment.nodes-AmazonEKS_CNI_Policy",
            "module.vpc_demo.aws_security_group.s_g",
            "module.vpc_demo.aws_subnet.private-subnet-1",
            "module.vpc_demo.aws_subnet.private-subnet-2",
            "module.vpc_demo.aws_vpc.my-vpc"
          ]
        }
      ]
    },
    {
      "module": "module.eks_cluster",
      "mode": "managed",
      "type": "aws_iam_role",
      "name": "karpenter_controller",
      "provider": "provider[\"registry.terraform.io/hashicorp/aws\"]",
      "instances": [
        {
          "schema_version": 0,
          "attributes": {
            "arn": "arn:aws:iam::600748199510:role/EKS-By-Terraform-AmazonEKSKarpenterControllerRoleCustom",
            "assume_role_policy": "{\"Statement\":[{\"Action\":\"sts:AssumeRoleWithWebIdentity\",\"Condition\":{\"StringEquals\":{\"oidc.eks.us-east-1.amazonaws.com/id/94AA1B721CFE6DF1860CED327D710BD3:sub\":\"system:serviceaccount:kube-system:karpenter\"}},\"Effect\":\"Allow\",\"Principal\":{\"Federated\":\"arn:aws:iam::600748199510:oidc-provider/oidc.eks.us-east-1.amazonaws.com/id/94AA1B721CFE6DF1860CED327D710BD3\"}}],\"Version\":\"2012-10-17\"}",
            "create_date": "2025-06-12T05:34:44Z",
            "description": "",
            "force_detach_policies": false,
            "id": "EKS-By-Terraform-AmazonEKSKarpenterControllerRoleCustom",
            "inline_policy": [],
            "managed_policy_arns": [
              "arn:aws:iam::600748199510:policy/KarpenterControllerPolicy-EKS-By-Terraform-eks"
            ],
            "max_session_duration": 3600,
            "name": "EKS-By-Terraform-AmazonEKSKarpenterControllerRoleCustom",
            "name_prefix": "",
            "path": "/",
            "permissions_boundary": "",
            "tags": {
              "Name": "EKS-By-Terraform-AmazonEKSKarpenterControllerRoleCustom"
            },
            "tags_all": {
              "Name": "EKS-By-Terraform-AmazonEKSKarpenterControllerRoleCustom"
            },
            "unique_id": "AROAYXX3CBZLD2SXDFUBZ"
          },
          "sensitive_attributes": [],
          "private": "bnVsbA==",
          "dependencies": [
            "module.eks_cluster.aws_eks_cluster.eksCluster",
            "module.eks_cluster.aws_iam_openid_connect_provider.eks_oidc",
            "module.eks_cluster.data.aws_iam_policy_document.karpenter_controller_assume_role_policy",
            "module.eks_cluster.data.tls_certificate.eks",
            "module.eks_cluster.module.eksIAM.aws_iam_instance_profile.karpenter",
            "module.eks_cluster.module.eksIAM.aws_iam_policy_attachment.eks_cluster_policy_attachment",
            "module.eks_cluster.module.eksIAM.aws_iam_policy_attachment.eks_service_policy_attachment",
            "module.eks_cluster.module.eksIAM.aws_iam_role.eks_cluster_role",
            "module.eks_cluster.module.eksIAM.aws_iam_role.eks_nodegroup_role",
            "module.eks_cluster.module.eksIAM.aws_iam_role_policy_attachment.AWSCSIProvisionerRolePolicy_cluster",
            "module.eks_cluster.module.eksIAM.aws_iam_role_policy_attachment.AWSCSIProvisionerRolePolicy_node",
            "module.eks_cluster.module.eksIAM.aws_iam_role_policy_attachment.karpenter_ssm_policy",
            "module.eks_cluster.module.eksIAM.aws_iam_role_policy_attachment.nodes-AmazonEC2ContainerRegistryReadOnly",
            "module.eks_cluster.module.eksIAM.aws_iam_role_policy_attachment.nodes-AmazonEKSWorkerNodePolicy",
            "module.eks_cluster.module.eksIAM.aws_iam_role_policy_attachment.nodes-AmazonEKS_CNI_Policy",
            "module.vpc_demo.aws_security_group.s_g",
            "module.vpc_demo.aws_subnet.private-subnet-1",
            "module.vpc_demo.aws_subnet.private-subnet-2",
            "module.vpc_demo.aws_vpc.my-vpc"
          ]
        }
      ]
    },
    {
      "module": "module.eks_cluster",
      "mode": "managed",
      "type": "aws_iam_role_policy_attachment",
      "name": "ebs_driver_role_policy_attachement",
      "provider": "provider[\"registry.terraform.io/hashicorp/aws\"]",
      "instances": [
        {
          "schema_version": 0,
          "attributes": {
            "id": "Addons-IAM-Role-20250612055038555700000001",
            "policy_arn": "arn:aws:iam::aws:policy/service-role/AmazonEBSCSIDriverPolicy",
            "role": "Addons-IAM-Role"
          },
          "sensitive_attributes": [],
          "private": "bnVsbA==",
          "dependencies": [
            "module.eks_cluster.aws_eks_cluster.eksCluster",
            "module.eks_cluster.aws_iam_openid_connect_provider.eks_oidc",
            "module.eks_cluster.aws_iam_role.addons_role",
            "module.eks_cluster.data.aws_iam_policy_document.addons_assume_role_policy",
            "module.eks_cluster.data.tls_certificate.eks",
            "module.eks_cluster.module.eksIAM.aws_iam_instance_profile.karpenter",
            "module.eks_cluster.module.eksIAM.aws_iam_policy_attachment.eks_cluster_policy_attachment",
            "module.eks_cluster.module.eksIAM.aws_iam_policy_attachment.eks_service_policy_attachment",
            "module.eks_cluster.module.eksIAM.aws_iam_role.eks_cluster_role",
            "module.eks_cluster.module.eksIAM.aws_iam_role.eks_nodegroup_role",
            "module.eks_cluster.module.eksIAM.aws_iam_role_policy_attachment.AWSCSIProvisionerRolePolicy_cluster",
            "module.eks_cluster.module.eksIAM.aws_iam_role_policy_attachment.AWSCSIProvisionerRolePolicy_node",
            "module.eks_cluster.module.eksIAM.aws_iam_role_policy_attachment.karpenter_ssm_policy",
            "module.eks_cluster.module.eksIAM.aws_iam_role_policy_attachment.nodes-AmazonEC2ContainerRegistryReadOnly",
            "module.eks_cluster.module.eksIAM.aws_iam_role_policy_attachment.nodes-AmazonEKSWorkerNodePolicy",
            "module.eks_cluster.module.eksIAM.aws_iam_role_policy_attachment.nodes-AmazonEKS_CNI_Policy",
            "module.vpc_demo.aws_security_group.s_g",
            "module.vpc_demo.aws_subnet.private-subnet-1",
            "module.vpc_demo.aws_subnet.private-subnet-2",
            "module.vpc_demo.aws_vpc.my-vpc"
          ]
        }
      ]
    },
    {
      "module": "module.eks_cluster",
      "mode": "managed",
      "type": "aws_iam_role_policy_attachment",
      "name": "karpenter_controller_policy_attach",
      "provider": "provider[\"registry.terraform.io/hashicorp/aws\"]",
      "instances": [
        {
          "schema_version": 0,
          "attributes": {
            "id": "EKS-By-Terraform-AmazonEKSKarpenterControllerRoleCustom-20250612053446346600000010",
            "policy_arn": "arn:aws:iam::600748199510:policy/KarpenterControllerPolicy-EKS-By-Terraform-eks",
            "role": "EKS-By-Terraform-AmazonEKSKarpenterControllerRoleCustom"
          },
          "sensitive_attributes": [],
          "private": "bnVsbA==",
          "dependencies": [
            "module.eks_cluster.aws_eks_cluster.eksCluster",
            "module.eks_cluster.aws_iam_openid_connect_provider.eks_oidc",
            "module.eks_cluster.aws_iam_policy.karpenter_controller_policy",
            "module.eks_cluster.aws_iam_role.karpenter_controller",
            "module.eks_cluster.data.aws_iam_policy_document.karpenter_controller_assume_role_policy",
            "module.eks_cluster.data.tls_certificate.eks",
            "module.eks_cluster.module.eksIAM.aws_iam_instance_profile.karpenter",
            "module.eks_cluster.module.eksIAM.aws_iam_policy_attachment.eks_cluster_policy_attachment",
            "module.eks_cluster.module.eksIAM.aws_iam_policy_attachment.eks_service_policy_attachment",
            "module.eks_cluster.module.eksIAM.aws_iam_role.eks_cluster_role",
            "module.eks_cluster.module.eksIAM.aws_iam_role.eks_nodegroup_role",
            "module.eks_cluster.module.eksIAM.aws_iam_role_policy_attachment.AWSCSIProvisionerRolePolicy_cluster",
            "module.eks_cluster.module.eksIAM.aws_iam_role_policy_attachment.AWSCSIProvisionerRolePolicy_node",
            "module.eks_cluster.module.eksIAM.aws_iam_role_policy_attachment.karpenter_ssm_policy",
            "module.eks_cluster.module.eksIAM.aws_iam_role_policy_attachment.nodes-AmazonEC2ContainerRegistryReadOnly",
            "module.eks_cluster.module.eksIAM.aws_iam_role_policy_attachment.nodes-AmazonEKSWorkerNodePolicy",
            "module.eks_cluster.module.eksIAM.aws_iam_role_policy_attachment.nodes-AmazonEKS_CNI_Policy",
            "module.vpc_demo.aws_security_group.s_g",
            "module.vpc_demo.aws_subnet.private-subnet-1",
            "module.vpc_demo.aws_subnet.private-subnet-2",
            "module.vpc_demo.aws_vpc.my-vpc"
          ]
        }
      ]
    },
    {
      "module": "module.eks_cluster",
      "mode": "managed",
      "type": "aws_iam_role_policy_attachment",
      "name": "vpc_cni_role_policy_attachement",
      "provider": "provider[\"registry.terraform.io/hashicorp/aws\"]",
      "instances": [
        {
          "schema_version": 0,
          "attributes": {
            "id": "Addons-IAM-Role-20250612055038580700000002",
            "policy_arn": "arn:aws:iam::aws:policy/AmazonEKS_CNI_Policy",
            "role": "Addons-IAM-Role"
          },
          "sensitive_attributes": [],
          "private": "bnVsbA==",
          "dependencies": [
            "module.eks_cluster.aws_eks_cluster.eksCluster",
            "module.eks_cluster.aws_iam_openid_connect_provider.eks_oidc",
            "module.eks_cluster.aws_iam_role.addons_role",
            "module.eks_cluster.data.aws_iam_policy_document.addons_assume_role_policy",
            "module.eks_cluster.data.tls_certificate.eks",
            "module.eks_cluster.module.eksIAM.aws_iam_instance_profile.karpenter",
            "module.eks_cluster.module.eksIAM.aws_iam_policy_attachment.eks_cluster_policy_attachment",
            "module.eks_cluster.module.eksIAM.aws_iam_policy_attachment.eks_service_policy_attachment",
            "module.eks_cluster.module.eksIAM.aws_iam_role.eks_cluster_role",
            "module.eks_cluster.module.eksIAM.aws_iam_role.eks_nodegroup_role",
            "module.eks_cluster.module.eksIAM.aws_iam_role_policy_attachment.AWSCSIProvisionerRolePolicy_cluster",
            "module.eks_cluster.module.eksIAM.aws_iam_role_policy_attachment.AWSCSIProvisionerRolePolicy_node",
            "module.eks_cluster.module.eksIAM.aws_iam_role_policy_attachment.karpenter_ssm_policy",
            "module.eks_cluster.module.eksIAM.aws_iam_role_policy_attachment.nodes-AmazonEC2ContainerRegistryReadOnly",
            "module.eks_cluster.module.eksIAM.aws_iam_role_policy_attachment.nodes-AmazonEKSWorkerNodePolicy",
            "module.eks_cluster.module.eksIAM.aws_iam_role_policy_attachment.nodes-AmazonEKS_CNI_Policy",
            "module.vpc_demo.aws_security_group.s_g",
            "module.vpc_demo.aws_subnet.private-subnet-1",
            "module.vpc_demo.aws_subnet.private-subnet-2",
            "module.vpc_demo.aws_vpc.my-vpc"
          ]
        }
      ]
    },
    {
      "module": "module.eks_cluster",
      "mode": "managed",
      "type": "helm_release",
      "name": "karpenter",
      "provider": "module.eks_cluster.provider[\"registry.terraform.io/hashicorp/helm\"]",
      "instances": [
        {
          "schema_version": 1,
          "attributes": {
            "atomic": false,
            "chart": "karpenter",
            "cleanup_on_fail": false,
            "create_namespace": false,
            "dependency_update": false,
            "description": null,
            "devel": null,
            "disable_crd_hooks": false,
            "disable_openapi_validation": false,
            "disable_webhooks": false,
            "force_update": false,
            "id": "karpenter",
            "keyring": null,
            "lint": false,
            "manifest": null,
            "max_history": 0,
            "metadata": [
              {
                "app_version": "1.5.0",
                "chart": "karpenter",
                "first_deployed": 1749707519,
                "last_deployed": 1749707519,
                "name": "karpenter",
                "namespace": "kube-system",
                "notes": "",
                "revision": 1,
                "values": "{\"serviceAccount\":{\"annotations\":{\"eks.amazonaws.com/role-arn\":\"arn:aws:iam::600748199510:role/EKS-By-Terraform-AmazonEKSKarpenterControllerRoleCustom\"}},\"settings\":{\"aws\":{\"defaultInstanceProfile\":\"KarpenterNodeInstanceProfile\"},\"clusterEndpoint\":\"https://94AA1B721CFE6DF1860CED327D710BD3.gr7.us-east-1.eks.amazonaws.com\",\"clusterName\":\"EKS-By-Terraform-eks\"}}",
                "version": "1.5.0"
              }
            ],
            "name": "karpenter",
            "namespace": "kube-system",
            "pass_credentials": false,
            "postrender": [],
            "recreate_pods": false,
            "render_subchart_notes": true,
            "replace": false,
            "repository": "oci://public.ecr.aws/karpenter/",
            "repository_ca_file": null,
            "repository_cert_file": null,
            "repository_key_file": null,
            "repository_password": null,
            "repository_username": null,
            "reset_values": false,
            "reuse_values": false,
            "set": [
              {
                "name": "serviceAccount.annotations.eks\\.amazonaws\\.com/role-arn",
                "type": "",
                "value": "arn:aws:iam::600748199510:role/EKS-By-Terraform-AmazonEKSKarpenterControllerRoleCustom"
              },
              {
                "name": "settings.aws.defaultInstanceProfile",
                "type": "",
                "value": "KarpenterNodeInstanceProfile"
              },
              {
                "name": "settings.clusterEndpoint",
                "type": "",
                "value": "https://94AA1B721CFE6DF1860CED327D710BD3.gr7.us-east-1.eks.amazonaws.com"
              },
              {
                "name": "settings.clusterName",
                "type": "",
                "value": "EKS-By-Terraform-eks"
              }
            ],
            "set_list": [],
            "set_sensitive": [],
            "skip_crds": false,
            "status": "deployed",
            "timeout": 300,
            "upgrade_install": null,
            "values": null,
            "verify": false,
            "version": "1.5.0",
            "wait": true,
            "wait_for_jobs": false
          },
          "sensitive_attributes": [
            [
              {
                "type": "get_attr",
                "value": "repository_password"
              }
            ]
          ],
          "private": "eyJzY2hlbWFfdmVyc2lvbiI6IjEifQ==",
          "dependencies": [
            "module.eks_cluster.aws_eks_cluster.eksCluster",
            "module.eks_cluster.aws_eks_node_group.eks_node_group",
            "module.eks_cluster.aws_iam_instance_profile.karpenter",
            "module.eks_cluster.aws_iam_openid_connect_provider.eks_oidc",
            "module.eks_cluster.aws_iam_role.karpenter_controller",
            "module.eks_cluster.data.aws_iam_policy_document.karpenter_controller_assume_role_policy",
            "module.eks_cluster.data.tls_certificate.eks",
            "module.eks_cluster.module.eksIAM.aws_iam_instance_profile.karpenter",
            "module.eks_cluster.module.eksIAM.aws_iam_policy_attachment.eks_cluster_policy_attachment",
            "module.eks_cluster.module.eksIAM.aws_iam_policy_attachment.eks_service_policy_attachment",
            "module.eks_cluster.module.eksIAM.aws_iam_role.eks_cluster_role",
            "module.eks_cluster.module.eksIAM.aws_iam_role.eks_nodegroup_role",
            "module.eks_cluster.module.eksIAM.aws_iam_role_policy_attachment.AWSCSIProvisionerRolePolicy_cluster",
            "module.eks_cluster.module.eksIAM.aws_iam_role_policy_attachment.AWSCSIProvisionerRolePolicy_node",
            "module.eks_cluster.module.eksIAM.aws_iam_role_policy_attachment.karpenter_ssm_policy",
            "module.eks_cluster.module.eksIAM.aws_iam_role_policy_attachment.nodes-AmazonEC2ContainerRegistryReadOnly",
            "module.eks_cluster.module.eksIAM.aws_iam_role_policy_attachment.nodes-AmazonEKSWorkerNodePolicy",
            "module.eks_cluster.module.eksIAM.aws_iam_role_policy_attachment.nodes-AmazonEKS_CNI_Policy",
            "module.vpc_demo.aws_security_group.s_g",
            "module.vpc_demo.aws_subnet.private-subnet-1",
            "module.vpc_demo.aws_subnet.private-subnet-2",
            "module.vpc_demo.aws_vpc.my-vpc"
          ]
        }
      ]
    },
    {
      "module": "module.eks_cluster.module.eksIAM",
      "mode": "managed",
      "type": "aws_iam_instance_profile",
      "name": "karpenter",
      "provider": "provider[\"registry.terraform.io/hashicorp/aws\"]",
      "instances": [
        {
          "schema_version": 0,
          "attributes": {
            "arn": "arn:aws:iam::600748199510:instance-profile/KarpenterNodeInstanceProfile-EKS-By-Terraform",
            "create_date": "2025-06-12T05:27:01Z",
            "id": "KarpenterNodeInstanceProfile-EKS-By-Terraform",
            "name": "KarpenterNodeInstanceProfile-EKS-By-Terraform",
            "name_prefix": "",
            "path": "/",
            "role": "eks_nodegroup_role",
            "tags": {},
            "tags_all": {},
            "unique_id": "AIPAYXX3CBZLKUSLGFMGS"
          },
          "sensitive_attributes": [],
          "private": "bnVsbA==",
          "dependencies": [
            "module.eks_cluster.module.eksIAM.aws_iam_role.eks_nodegroup_role"
          ],
          "create_before_destroy": true
        }
      ]
    },
    {
      "module": "module.eks_cluster.module.eksIAM",
      "mode": "managed",
      "type": "aws_iam_policy_attachment",
      "name": "eks_cluster_policy_attachment",
      "provider": "provider[\"registry.terraform.io/hashicorp/aws\"]",
      "instances": [
        {
          "schema_version": 0,
          "attributes": {
            "groups": [],
            "id": "EKS-By-Terraform_AmazonEKSClusterPolicy",
            "name": "EKS-By-Terraform_AmazonEKSClusterPolicy",
            "policy_arn": "arn:aws:iam::aws:policy/AmazonEKSClusterPolicy",
            "roles": [
              "eks_cluster_role"
            ],
            "users": []
          },
          "sensitive_attributes": [],
          "private": "bnVsbA==",
          "dependencies": [
            "module.eks_cluster.module.eksIAM.aws_iam_role.eks_cluster_role"
          ],
          "create_before_destroy": true
        }
      ]
    },
    {
      "module": "module.eks_cluster.module.eksIAM",
      "mode": "managed",
      "type": "aws_iam_policy_attachment",
      "name": "eks_service_policy_attachment",
      "provider": "provider[\"registry.terraform.io/hashicorp/aws\"]",
      "instances": [
        {
          "schema_version": 0,
          "attributes": {
            "groups": [],
            "id": "EKS-By-Terraform_AmazonEKSServicePolicy",
            "name": "EKS-By-Terraform_AmazonEKSServicePolicy",
            "policy_arn": "arn:aws:iam::aws:policy/AmazonEKSServicePolicy",
            "roles": [
              "eks_cluster_role"
            ],
            "users": []
          },
          "sensitive_attributes": [],
          "private": "bnVsbA==",
          "dependencies": [
            "module.eks_cluster.module.eksIAM.aws_iam_role.eks_cluster_role"
          ],
          "create_before_destroy": true
        }
      ]
    },
    {
      "module": "module.eks_cluster.module.eksIAM",
      "mode": "managed",
      "type": "aws_iam_role",
      "name": "eks_cluster_role",
      "provider": "provider[\"registry.terraform.io/hashicorp/aws\"]",
      "instances": [
        {
          "schema_version": 0,
          "attributes": {
            "arn": "arn:aws:iam::600748199510:role/eks_cluster_role",
            "assume_role_policy": "{\"Statement\":[{\"Action\":\"sts:AssumeRole\",\"Effect\":\"Allow\",\"Principal\":{\"Service\":[\"eks.amazonaws.com\"]}}],\"Version\":\"2012-10-17\"}",
            "create_date": "2025-06-12T05:26:59Z",
            "description": "",
            "force_detach_policies": false,
            "id": "eks_cluster_role",
            "inline_policy": [],
            "managed_policy_arns": [
              "arn:aws:iam::aws:policy/AmazonEKSClusterPolicy",
              "arn:aws:iam::aws:policy/AmazonEKSServicePolicy",
              "arn:aws:iam::aws:policy/service-role/AmazonEBSCSIDriverPolicy"
            ],
            "max_session_duration": 3600,
            "name": "eks_cluster_role",
            "name_prefix": "",
            "path": "/",
            "permissions_boundary": "",
            "tags": {},
            "tags_all": {},
            "unique_id": "AROAYXX3CBZLAQVTFRTR3"
          },
          "sensitive_attributes": [],
          "private": "bnVsbA==",
          "create_before_destroy": true
        }
      ]
    },
    {
      "module": "module.eks_cluster.module.eksIAM",
      "mode": "managed",
      "type": "aws_iam_role",
      "name": "eks_nodegroup_role",
      "provider": "provider[\"registry.terraform.io/hashicorp/aws\"]",
      "instances": [
        {
          "schema_version": 0,
          "attributes": {
            "arn": "arn:aws:iam::600748199510:role/eks_nodegroup_role",
            "assume_role_policy": "{\"Statement\":[{\"Action\":\"sts:AssumeRole\",\"Effect\":\"Allow\",\"Principal\":{\"Service\":\"ec2.amazonaws.com\"}}],\"Version\":\"2012-10-17\"}",
            "create_date": "2025-06-12T05:26:59Z",
            "description": "",
            "force_detach_policies": false,
            "id": "eks_nodegroup_role",
            "inline_policy": [],
            "managed_policy_arns": [
              "arn:aws:iam::aws:policy/AmazonEC2ContainerRegistryReadOnly",
              "arn:aws:iam::aws:policy/AmazonEKSWorkerNodePolicy",
              "arn:aws:iam::aws:policy/AmazonEKS_CNI_Policy",
              "arn:aws:iam::aws:policy/AmazonSSMManagedInstanceCore",
              "arn:aws:iam::aws:policy/service-role/AmazonEBSCSIDriverPolicy"
            ],
            "max_session_duration": 3600,
            "name": "eks_nodegroup_role",
            "name_prefix": "",
            "path": "/",
            "permissions_boundary": "",
            "tags": {},
            "tags_all": {},
            "unique_id": "AROAYXX3CBZLK34GBILZH"
          },
          "sensitive_attributes": [],
          "private": "bnVsbA==",
          "create_before_destroy": true
        }
      ]
    },
    {
      "module": "module.eks_cluster.module.eksIAM",
      "mode": "managed",
      "type": "aws_iam_role_policy_attachment",
      "name": "AWSCSIProvisionerRolePolicy_cluster",
      "provider": "provider[\"registry.terraform.io/hashicorp/aws\"]",
      "instances": [
        {
          "schema_version": 0,
          "attributes": {
            "id": "eks_cluster_role-20250612052700843600000001",
            "policy_arn": "arn:aws:iam::aws:policy/service-role/AmazonEBSCSIDriverPolicy",
            "role": "eks_cluster_role"
          },
          "sensitive_attributes": [],
          "private": "bnVsbA==",
          "dependencies": [
            "module.eks_cluster.module.eksIAM.aws_iam_role.eks_cluster_role"
          ],
          "create_before_destroy": true
        }
      ]
    },
    {
      "module": "module.eks_cluster.module.eksIAM",
      "mode": "managed",
      "type": "aws_iam_role_policy_attachment",
      "name": "AWSCSIProvisionerRolePolicy_node",
      "provider": "provider[\"registry.terraform.io/hashicorp/aws\"]",
      "instances": [
        {
          "schema_version": 0,
          "attributes": {
            "id": "eks_nodegroup_role-20250612052701475500000005",
            "policy_arn": "arn:aws:iam::aws:policy/service-role/AmazonEBSCSIDriverPolicy",
            "role": "eks_nodegroup_role"
          },
          "sensitive_attributes": [],
          "private": "bnVsbA==",
          "dependencies": [
            "module.eks_cluster.module.eksIAM.aws_iam_role.eks_nodegroup_role"
          ],
          "create_before_destroy": true
        }
      ]
    },
    {
      "module": "module.eks_cluster.module.eksIAM",
      "mode": "managed",
      "type": "aws_iam_role_policy_attachment",
      "name": "karpenter_ssm_policy",
      "provider": "provider[\"registry.terraform.io/hashicorp/aws\"]",
      "instances": [
        {
          "schema_version": 0,
          "attributes": {
            "id": "eks_nodegroup_role-20250612052701399100000003",
            "policy_arn": "arn:aws:iam::aws:policy/AmazonSSMManagedInstanceCore",
            "role": "eks_nodegroup_role"
          },
          "sensitive_attributes": [],
          "private": "bnVsbA==",
          "dependencies": [
            "module.eks_cluster.module.eksIAM.aws_iam_role.eks_nodegroup_role"
          ],
          "create_before_destroy": true
        }
      ]
    },
    {
      "module": "module.eks_cluster.module.eksIAM",
      "mode": "managed",
      "type": "aws_iam_role_policy_attachment",
      "name": "nodes-AmazonEC2ContainerRegistryReadOnly",
      "provider": "provider[\"registry.terraform.io/hashicorp/aws\"]",
      "instances": [
        {
          "schema_version": 0,
          "attributes": {
            "id": "eks_nodegroup_role-20250612052701439000000004",
            "policy_arn": "arn:aws:iam::aws:policy/AmazonEC2ContainerRegistryReadOnly",
            "role": "eks_nodegroup_role"
          },
          "sensitive_attributes": [],
          "private": "bnVsbA==",
          "dependencies": [
            "module.eks_cluster.module.eksIAM.aws_iam_role.eks_nodegroup_role"
          ],
          "create_before_destroy": true
        }
      ]
    },
    {
      "module": "module.eks_cluster.module.eksIAM",
      "mode": "managed",
      "type": "aws_iam_role_policy_attachment",
      "name": "nodes-AmazonEKSWorkerNodePolicy",
      "provider": "provider[\"registry.terraform.io/hashicorp/aws\"]",
      "instances": [
        {
          "schema_version": 0,
          "attributes": {
            "id": "eks_nodegroup_role-20250612052701156000000002",
            "policy_arn": "arn:aws:iam::aws:policy/AmazonEKSWorkerNodePolicy",
            "role": "eks_nodegroup_role"
          },
          "sensitive_attributes": [],
          "private": "bnVsbA==",
          "dependencies": [
            "module.eks_cluster.module.eksIAM.aws_iam_role.eks_nodegroup_role"
          ],
          "create_before_destroy": true
        }
      ]
    },
    {
      "module": "module.eks_cluster.module.eksIAM",
      "mode": "managed",
      "type": "aws_iam_role_policy_attachment",
      "name": "nodes-AmazonEKS_CNI_Policy",
      "provider": "provider[\"registry.terraform.io/hashicorp/aws\"]",
      "instances": [
        {
          "schema_version": 0,
          "attributes": {
            "id": "eks_nodegroup_role-20250612052701579700000006",
            "policy_arn": "arn:aws:iam::aws:policy/AmazonEKS_CNI_Policy",
            "role": "eks_nodegroup_role"
          },
          "sensitive_attributes": [],
          "private": "bnVsbA==",
          "dependencies": [
            "module.eks_cluster.module.eksIAM.aws_iam_role.eks_nodegroup_role"
          ],
          "create_before_destroy": true
        }
      ]
    },
    {
      "module": "module.vpc_demo",
      "mode": "managed",
      "type": "aws_eip",
      "name": "elastic_ip",
      "provider": "provider[\"registry.terraform.io/hashicorp/aws\"]",
      "instances": [
        {
          "schema_version": 0,
          "attributes": {
            "address": null,
            "allocation_id": "eipalloc-07d90826d265ec073",
            "arn": "arn:aws:ec2:us-east-1:600748199510:elastic-ip/eipalloc-07d90826d265ec073",
            "associate_with_private_ip": null,
            "association_id": "eipassoc-029bf6b064f610ff4",
            "carrier_ip": "",
            "customer_owned_ip": "",
            "customer_owned_ipv4_pool": "",
            "domain": "vpc",
            "id": "eipalloc-07d90826d265ec073",
            "instance": "",
            "ipam_pool_id": null,
            "network_border_group": "us-east-1",
            "network_interface": "eni-03c0d0ac06cb8c670",
            "private_dns": "ip-10-0-1-251.ec2.internal",
            "private_ip": "10.0.1.251",
            "ptr_record": "",
            "public_dns": "ec2-44-199-56-67.compute-1.amazonaws.com",
            "public_ip": "44.199.56.67",
            "public_ipv4_pool": "amazon",
            "tags": {},
            "tags_all": {},
            "timeouts": null,
            "vpc": true
          },
          "sensitive_attributes": [],
          "private": "eyJlMmJmYjczMC1lY2FhLTExZTYtOGY4OC0zNDM2M2JjN2M0YzAiOnsiZGVsZXRlIjoxODAwMDAwMDAwMDAsInJlYWQiOjkwMDAwMDAwMDAwMCwidXBkYXRlIjozMDAwMDAwMDAwMDB9fQ=="
        }
      ]
    },
    {
      "module": "module.vpc_demo",
      "mode": "managed",
      "type": "aws_internet_gateway",
      "name": "internet_gateway",
      "provider": "provider[\"registry.terraform.io/hashicorp/aws\"]",
      "instances": [
        {
          "schema_version": 0,
          "attributes": {
            "arn": "arn:aws:ec2:us-east-1:600748199510:internet-gateway/igw-0183ee6ac5846bc17",
            "id": "igw-0183ee6ac5846bc17",
            "owner_id": "600748199510",
            "tags": {
              "Name": "EKS-By-Terraform-igw"
            },
            "tags_all": {
              "Name": "EKS-By-Terraform-igw"
            },
            "timeouts": null,
            "vpc_id": "vpc-06ed7597dd8cd268d"
          },
          "sensitive_attributes": [],
          "private": "eyJlMmJmYjczMC1lY2FhLTExZTYtOGY4OC0zNDM2M2JjN2M0YzAiOnsiY3JlYXRlIjoxMjAwMDAwMDAwMDAwLCJkZWxldGUiOjEyMDAwMDAwMDAwMDAsInVwZGF0ZSI6MTIwMDAwMDAwMDAwMH19",
          "dependencies": [
            "module.vpc_demo.aws_vpc.my-vpc"
          ]
        }
      ]
    },
    {
      "module": "module.vpc_demo",
      "mode": "managed",
      "type": "aws_nat_gateway",
      "name": "nat_gateway",
      "provider": "provider[\"registry.terraform.io/hashicorp/aws\"]",
      "instances": [
        {
          "schema_version": 0,
          "attributes": {
            "allocation_id": "eipalloc-07d90826d265ec073",
            "association_id": "eipassoc-029bf6b064f610ff4",
            "connectivity_type": "public",
            "id": "nat-05a3af21e4e0b41be",
            "network_interface_id": "eni-03c0d0ac06cb8c670",
            "private_ip": "10.0.1.251",
            "public_ip": "44.199.56.67",
            "secondary_allocation_ids": [],
            "secondary_private_ip_address_count": 0,
            "secondary_private_ip_addresses": [],
            "subnet_id": "subnet-0101cb9624afb03d1",
            "tags": {
              "Name": "nat_gateway"
            },
            "tags_all": {
              "Name": "nat_gateway"
            },
            "timeouts": null
          },
          "sensitive_attributes": [],
          "private": "eyJlMmJmYjczMC1lY2FhLTExZTYtOGY4OC0zNDM2M2JjN2M0YzAiOnsiY3JlYXRlIjo2MDAwMDAwMDAwMDAsImRlbGV0ZSI6MTgwMDAwMDAwMDAwMCwidXBkYXRlIjo2MDAwMDAwMDAwMDB9fQ==",
          "dependencies": [
            "module.vpc_demo.aws_eip.elastic_ip",
            "module.vpc_demo.aws_subnet.public-subnet-1",
            "module.vpc_demo.aws_vpc.my-vpc"
          ]
        }
      ]
    },
    {
      "module": "module.vpc_demo",
      "mode": "managed",
      "type": "aws_route",
      "name": "nat_gateway_route",
      "provider": "provider[\"registry.terraform.io/hashicorp/aws\"]",
      "instances": [
        {
          "schema_version": 0,
          "attributes": {
            "carrier_gateway_id": "",
            "core_network_arn": "",
            "destination_cidr_block": "0.0.0.0/0",
            "destination_ipv6_cidr_block": "",
            "destination_prefix_list_id": "",
            "egress_only_gateway_id": "",
            "gateway_id": "",
            "id": "r-rtb-02b5ba198839ba61c1080289494",
            "instance_id": "",
            "instance_owner_id": "",
            "local_gateway_id": "",
            "nat_gateway_id": "nat-05a3af21e4e0b41be",
            "network_interface_id": "",
            "origin": "CreateRoute",
            "route_table_id": "rtb-02b5ba198839ba61c",
            "state": "active",
            "timeouts": null,
            "transit_gateway_id": "",
            "vpc_endpoint_id": "",
            "vpc_peering_connection_id": ""
          },
          "sensitive_attributes": [],
          "private": "eyJlMmJmYjczMC1lY2FhLTExZTYtOGY4OC0zNDM2M2JjN2M0YzAiOnsiY3JlYXRlIjozMDAwMDAwMDAwMDAsImRlbGV0ZSI6MzAwMDAwMDAwMDAwLCJ1cGRhdGUiOjEyMDAwMDAwMDAwMH19",
          "dependencies": [
            "module.vpc_demo.aws_eip.elastic_ip",
            "module.vpc_demo.aws_nat_gateway.nat_gateway",
            "module.vpc_demo.aws_route_table.private-rt",
            "module.vpc_demo.aws_subnet.public-subnet-1",
            "module.vpc_demo.aws_vpc.my-vpc"
          ]
        }
      ]
    },
    {
      "module": "module.vpc_demo",
      "mode": "managed",
      "type": "aws_route_table",
      "name": "private-rt",
      "provider": "provider[\"registry.terraform.io/hashicorp/aws\"]",
      "instances": [
        {
          "schema_version": 0,
          "attributes": {
            "arn": "arn:aws:ec2:us-east-1:600748199510:route-table/rtb-02b5ba198839ba61c",
            "id": "rtb-02b5ba198839ba61c",
            "owner_id": "600748199510",
            "propagating_vgws": [],
            "route": [
              {
                "carrier_gateway_id": "",
                "cidr_block": "0.0.0.0/0",
                "core_network_arn": "",
                "destination_prefix_list_id": "",
                "egress_only_gateway_id": "",
                "gateway_id": "",
                "ipv6_cidr_block": "",
                "local_gateway_id": "",
                "nat_gateway_id": "nat-05a3af21e4e0b41be",
                "network_interface_id": "",
                "transit_gateway_id": "",
                "vpc_endpoint_id": "",
                "vpc_peering_connection_id": ""
              }
            ],
            "tags": {
              "Name": "private-route-table"
            },
            "tags_all": {
              "Name": "private-route-table"
            },
            "timeouts": null,
            "vpc_id": "vpc-06ed7597dd8cd268d"
          },
          "sensitive_attributes": [],
          "private": "eyJlMmJmYjczMC1lY2FhLTExZTYtOGY4OC0zNDM2M2JjN2M0YzAiOnsiY3JlYXRlIjozMDAwMDAwMDAwMDAsImRlbGV0ZSI6MzAwMDAwMDAwMDAwLCJ1cGRhdGUiOjEyMDAwMDAwMDAwMH19",
          "dependencies": [
            "module.vpc_demo.aws_vpc.my-vpc"
          ]
        }
      ]
    },
    {
      "module": "module.vpc_demo",
      "mode": "managed",
      "type": "aws_route_table",
      "name": "public-rt",
      "provider": "provider[\"registry.terraform.io/hashicorp/aws\"]",
      "instances": [
        {
          "schema_version": 0,
          "attributes": {
            "arn": "arn:aws:ec2:us-east-1:600748199510:route-table/rtb-022ee569a4399ede5",
            "id": "rtb-022ee569a4399ede5",
            "owner_id": "600748199510",
            "propagating_vgws": [],
            "route": [
              {
                "carrier_gateway_id": "",
                "cidr_block": "0.0.0.0/0",
                "core_network_arn": "",
                "destination_prefix_list_id": "",
                "egress_only_gateway_id": "",
                "gateway_id": "igw-0183ee6ac5846bc17",
                "ipv6_cidr_block": "",
                "local_gateway_id": "",
                "nat_gateway_id": "",
                "network_interface_id": "",
                "transit_gateway_id": "",
                "vpc_endpoint_id": "",
                "vpc_peering_connection_id": ""
              }
            ],
            "tags": {},
            "tags_all": {},
            "timeouts": null,
            "vpc_id": "vpc-06ed7597dd8cd268d"
          },
          "sensitive_attributes": [],
          "private": "eyJlMmJmYjczMC1lY2FhLTExZTYtOGY4OC0zNDM2M2JjN2M0YzAiOnsiY3JlYXRlIjozMDAwMDAwMDAwMDAsImRlbGV0ZSI6MzAwMDAwMDAwMDAwLCJ1cGRhdGUiOjEyMDAwMDAwMDAwMH19",
          "dependencies": [
            "module.vpc_demo.aws_internet_gateway.internet_gateway",
            "module.vpc_demo.aws_vpc.my-vpc"
          ]
        }
      ]
    },
    {
      "module": "module.vpc_demo",
      "mode": "managed",
      "type": "aws_route_table_association",
      "name": "private_subnet_route_1",
      "provider": "provider[\"registry.terraform.io/hashicorp/aws\"]",
      "instances": [
        {
          "schema_version": 0,
          "attributes": {
            "gateway_id": "",
            "id": "rtbassoc-02cf69863af37247b",
            "route_table_id": "rtb-02b5ba198839ba61c",
            "subnet_id": "subnet-047188a34e12e533d",
            "timeouts": null
          },
          "sensitive_attributes": [],
          "private": "eyJlMmJmYjczMC1lY2FhLTExZTYtOGY4OC0zNDM2M2JjN2M0YzAiOnsiY3JlYXRlIjozMDAwMDAwMDAwMDAsImRlbGV0ZSI6MzAwMDAwMDAwMDAwLCJ1cGRhdGUiOjEyMDAwMDAwMDAwMH19",
          "dependencies": [
            "module.vpc_demo.aws_route_table.private-rt",
            "module.vpc_demo.aws_subnet.private-subnet-1",
            "module.vpc_demo.aws_vpc.my-vpc"
          ]
        }
      ]
    },
    {
      "module": "module.vpc_demo",
      "mode": "managed",
      "type": "aws_route_table_association",
      "name": "private_subnet_route_2",
      "provider": "provider[\"registry.terraform.io/hashicorp/aws\"]",
      "instances": [
        {
          "schema_version": 0,
          "attributes": {
            "gateway_id": "",
            "id": "rtbassoc-0560d764863cc2143",
            "route_table_id": "rtb-02b5ba198839ba61c",
            "subnet_id": "subnet-083aba4a1a87e9ecc",
            "timeouts": null
          },
          "sensitive_attributes": [],
          "private": "eyJlMmJmYjczMC1lY2FhLTExZTYtOGY4OC0zNDM2M2JjN2M0YzAiOnsiY3JlYXRlIjozMDAwMDAwMDAwMDAsImRlbGV0ZSI6MzAwMDAwMDAwMDAwLCJ1cGRhdGUiOjEyMDAwMDAwMDAwMH19",
          "dependencies": [
            "module.vpc_demo.aws_route_table.private-rt",
            "module.vpc_demo.aws_subnet.private-subnet-2",
            "module.vpc_demo.aws_vpc.my-vpc"
          ]
        }
      ]
    },
    {
      "module": "module.vpc_demo",
      "mode": "managed",
      "type": "aws_route_table_association",
      "name": "public_subnet_1_route",
      "provider": "provider[\"registry.terraform.io/hashicorp/aws\"]",
      "instances": [
        {
          "schema_version": 0,
          "attributes": {
            "gateway_id": "",
            "id": "rtbassoc-04cbff9c4eaa19a1b",
            "route_table_id": "rtb-022ee569a4399ede5",
            "subnet_id": "subnet-0101cb9624afb03d1",
            "timeouts": null
          },
          "sensitive_attributes": [],
          "private": "eyJlMmJmYjczMC1lY2FhLTExZTYtOGY4OC0zNDM2M2JjN2M0YzAiOnsiY3JlYXRlIjozMDAwMDAwMDAwMDAsImRlbGV0ZSI6MzAwMDAwMDAwMDAwLCJ1cGRhdGUiOjEyMDAwMDAwMDAwMH19",
          "dependencies": [
            "module.vpc_demo.aws_internet_gateway.internet_gateway",
            "module.vpc_demo.aws_route_table.public-rt",
            "module.vpc_demo.aws_subnet.public-subnet-1",
            "module.vpc_demo.aws_vpc.my-vpc"
          ]
        }
      ]
    },
    {
      "module": "module.vpc_demo",
      "mode": "managed",
      "type": "aws_route_table_association",
      "name": "public_subnet_2_route",
      "provider": "provider[\"registry.terraform.io/hashicorp/aws\"]",
      "instances": [
        {
          "schema_version": 0,
          "attributes": {
            "gateway_id": "",
            "id": "rtbassoc-09b25253e00f20aef",
            "route_table_id": "rtb-022ee569a4399ede5",
            "subnet_id": "subnet-0f7954c45a16f5637",
            "timeouts": null
          },
          "sensitive_attributes": [],
          "private": "eyJlMmJmYjczMC1lY2FhLTExZTYtOGY4OC0zNDM2M2JjN2M0YzAiOnsiY3JlYXRlIjozMDAwMDAwMDAwMDAsImRlbGV0ZSI6MzAwMDAwMDAwMDAwLCJ1cGRhdGUiOjEyMDAwMDAwMDAwMH19",
          "dependencies": [
            "module.vpc_demo.aws_internet_gateway.internet_gateway",
            "module.vpc_demo.aws_route_table.public-rt",
            "module.vpc_demo.aws_subnet.public-subnet-2",
            "module.vpc_demo.aws_vpc.my-vpc"
          ]
        }
      ]
    },
    {
      "module": "module.vpc_demo",
      "mode": "managed",
      "type": "aws_security_group",
      "name": "s_g",
      "provider": "provider[\"registry.terraform.io/hashicorp/aws\"]",
      "instances": [
        {
          "schema_version": 1,
          "attributes": {
            "arn": "arn:aws:ec2:us-east-1:600748199510:security-group/sg-04318670fb16b736e",
            "description": "Managed by Terraform",
            "egress": [
              {
                "cidr_blocks": [
                  "0.0.0.0/0"
                ],
                "description": "",
                "from_port": 0,
                "ipv6_cidr_blocks": [
                  "::/0"
                ],
                "prefix_list_ids": [],
                "protocol": "-1",
                "security_groups": [],
                "self": false,
                "to_port": 0
              }
            ],
            "id": "sg-04318670fb16b736e",
            "ingress": [
              {
                "cidr_blocks": [
                  "0.0.0.0/0"
                ],
                "description": "Allow HTTP traffic from anywhere",
                "from_port": 80,
                "ipv6_cidr_blocks": [],
                "prefix_list_ids": [],
                "protocol": "tcp",
                "security_groups": [],
                "self": false,
                "to_port": 80
              },
              {
                "cidr_blocks": [
                  "10.0.0.0/16"
                ],
                "description": "Allow HTTPS traffic from 10.0.0.0/16",
                "from_port": 443,
                "ipv6_cidr_blocks": [],
                "prefix_list_ids": [],
                "protocol": "tcp",
                "security_groups": [],
                "self": false,
                "to_port": 443
              },
              {
                "cidr_blocks": [
                  "103.215.158.90/32"
                ],
                "description": "Allow FTP traffic from my IP",
                "from_port": 21,
                "ipv6_cidr_blocks": [],
                "prefix_list_ids": [],
                "protocol": "tcp",
                "security_groups": [],
                "self": false,
                "to_port": 21
              },
              {
                "cidr_blocks": [
                  "103.215.158.90/32"
                ],
                "description": "Allow SSH traffic from my IP",
                "from_port": 22,
                "ipv6_cidr_blocks": [],
                "prefix_list_ids": [],
                "protocol": "tcp",
                "security_groups": [],
                "self": false,
                "to_port": 22
              }
            ],
            "name": "terraform-20250612052702512100000008",
            "name_prefix": "terraform-",
            "owner_id": "600748199510",
            "revoke_rules_on_delete": false,
            "tags": {
              "Name": "my-security-group",
              "karpenter.sh/discovery": "EKS-By-Terraform-eks"
            },
            "tags_all": {
              "Name": "my-security-group",
              "karpenter.sh/discovery": "EKS-By-Terraform-eks"
            },
            "timeouts": null,
            "vpc_id": "vpc-06ed7597dd8cd268d"
          },
          "sensitive_attributes": [],
          "private": "eyJlMmJmYjczMC1lY2FhLTExZTYtOGY4OC0zNDM2M2JjN2M0YzAiOnsiY3JlYXRlIjo2MDAwMDAwMDAwMDAsImRlbGV0ZSI6OTAwMDAwMDAwMDAwfSwic2NoZW1hX3ZlcnNpb24iOiIxIn0=",
          "dependencies": [
            "module.vpc_demo.aws_vpc.my-vpc"
          ],
          "create_before_destroy": true
        }
      ]
    },
    {
      "module": "module.vpc_demo",
      "mode": "managed",
      "type": "aws_subnet",
      "name": "private-subnet-1",
      "provider": "provider[\"registry.terraform.io/hashicorp/aws\"]",
      "instances": [
        {
          "schema_version": 1,
          "attributes": {
            "arn": "arn:aws:ec2:us-east-1:600748199510:subnet/subnet-047188a34e12e533d",
            "assign_ipv6_address_on_creation": false,
            "availability_zone": "us-east-1a",
            "availability_zone_id": "use1-az6",
            "cidr_block": "10.0.3.0/24",
            "customer_owned_ipv4_pool": "",
            "enable_dns64": false,
            "enable_lni_at_device_index": 0,
            "enable_resource_name_dns_a_record_on_launch": false,
            "enable_resource_name_dns_aaaa_record_on_launch": false,
            "id": "subnet-047188a34e12e533d",
            "ipv6_cidr_block": "",
            "ipv6_cidr_block_association_id": "",
            "ipv6_native": false,
            "map_customer_owned_ip_on_launch": false,
            "map_public_ip_on_launch": false,
            "outpost_arn": "",
            "owner_id": "600748199510",
            "private_dns_hostname_type_on_launch": "ip-name",
            "tags": {
              "Name": "private-us-east-1a",
              "karpenter.sh/discovery": "EKS-By-Terraform-eks",
              "kubernetes.io/cluster/eks": "owned",
              "kubernetes.io/role/internal-elb": "1"
            },
            "tags_all": {
              "Name": "private-us-east-1a",
              "karpenter.sh/discovery": "EKS-By-Terraform-eks",
              "kubernetes.io/cluster/eks": "owned",
              "kubernetes.io/role/internal-elb": "1"
            },
            "timeouts": null,
            "vpc_id": "vpc-06ed7597dd8cd268d"
          },
          "sensitive_attributes": [],
          "private": "eyJlMmJmYjczMC1lY2FhLTExZTYtOGY4OC0zNDM2M2JjN2M0YzAiOnsiY3JlYXRlIjo2MDAwMDAwMDAwMDAsImRlbGV0ZSI6MTIwMDAwMDAwMDAwMH0sInNjaGVtYV92ZXJzaW9uIjoiMSJ9",
          "dependencies": [
            "module.vpc_demo.aws_vpc.my-vpc"
          ],
          "create_before_destroy": true
        }
      ]
    },
    {
      "module": "module.vpc_demo",
      "mode": "managed",
      "type": "aws_subnet",
      "name": "private-subnet-2",
      "provider": "provider[\"registry.terraform.io/hashicorp/aws\"]",
      "instances": [
        {
          "schema_version": 1,
          "attributes": {
            "arn": "arn:aws:ec2:us-east-1:600748199510:subnet/subnet-083aba4a1a87e9ecc",
            "assign_ipv6_address_on_creation": false,
            "availability_zone": "us-east-1b",
            "availability_zone_id": "use1-az1",
            "cidr_block": "10.0.4.0/24",
            "customer_owned_ipv4_pool": "",
            "enable_dns64": false,
            "enable_lni_at_device_index": 0,
            "enable_resource_name_dns_a_record_on_launch": false,
            "enable_resource_name_dns_aaaa_record_on_launch": false,
            "id": "subnet-083aba4a1a87e9ecc",
            "ipv6_cidr_block": "",
            "ipv6_cidr_block_association_id": "",
            "ipv6_native": false,
            "map_customer_owned_ip_on_launch": false,
            "map_public_ip_on_launch": false,
            "outpost_arn": "",
            "owner_id": "600748199510",
            "private_dns_hostname_type_on_launch": "ip-name",
            "tags": {
              "Name": "private-us-east-1b",
              "karpenter.sh/discovery": "EKS-By-Terraform-eks",
              "kubernetes.io/cluster/eks": "owned",
              "kubernetes.io/role/internal-elb": "1"
            },
            "tags_all": {
              "Name": "private-us-east-1b",
              "karpenter.sh/discovery": "EKS-By-Terraform-eks",
              "kubernetes.io/cluster/eks": "owned",
              "kubernetes.io/role/internal-elb": "1"
            },
            "timeouts": null,
            "vpc_id": "vpc-06ed7597dd8cd268d"
          },
          "sensitive_attributes": [],
          "private": "eyJlMmJmYjczMC1lY2FhLTExZTYtOGY4OC0zNDM2M2JjN2M0YzAiOnsiY3JlYXRlIjo2MDAwMDAwMDAwMDAsImRlbGV0ZSI6MTIwMDAwMDAwMDAwMH0sInNjaGVtYV92ZXJzaW9uIjoiMSJ9",
          "dependencies": [
            "module.vpc_demo.aws_vpc.my-vpc"
          ],
          "create_before_destroy": true
        }
      ]
    },
    {
      "module": "module.vpc_demo",
      "mode": "managed",
      "type": "aws_subnet",
      "name": "public-subnet-1",
      "provider": "provider[\"registry.terraform.io/hashicorp/aws\"]",
      "instances": [
        {
          "schema_version": 1,
          "attributes": {
            "arn": "arn:aws:ec2:us-east-1:600748199510:subnet/subnet-0101cb9624afb03d1",
            "assign_ipv6_address_on_creation": false,
            "availability_zone": "us-east-1a",
            "availability_zone_id": "use1-az6",
            "cidr_block": "10.0.1.0/24",
            "customer_owned_ipv4_pool": "",
            "enable_dns64": false,
            "enable_lni_at_device_index": 0,
            "enable_resource_name_dns_a_record_on_launch": false,
            "enable_resource_name_dns_aaaa_record_on_launch": false,
            "id": "subnet-0101cb9624afb03d1",
            "ipv6_cidr_block": "",
            "ipv6_cidr_block_association_id": "",
            "ipv6_native": false,
            "map_customer_owned_ip_on_launch": false,
            "map_public_ip_on_launch": true,
            "outpost_arn": "",
            "owner_id": "600748199510",
            "private_dns_hostname_type_on_launch": "ip-name",
            "tags": {
              "Name": "public-us-east-1a",
              "karpenter.sh/discovery": "EKS-By-Terraform-eks",
              "kubernetes.io/cluster/eks": "owned",
              "kubernetes.io/role/elb": "1"
            },
            "tags_all": {
              "Name": "public-us-east-1a",
              "karpenter.sh/discovery": "EKS-By-Terraform-eks",
              "kubernetes.io/cluster/eks": "owned",
              "kubernetes.io/role/elb": "1"
            },
            "timeouts": null,
            "vpc_id": "vpc-06ed7597dd8cd268d"
          },
          "sensitive_attributes": [],
          "private": "eyJlMmJmYjczMC1lY2FhLTExZTYtOGY4OC0zNDM2M2JjN2M0YzAiOnsiY3JlYXRlIjo2MDAwMDAwMDAwMDAsImRlbGV0ZSI6MTIwMDAwMDAwMDAwMH0sInNjaGVtYV92ZXJzaW9uIjoiMSJ9",
          "dependencies": [
            "module.vpc_demo.aws_vpc.my-vpc"
          ]
        }
      ]
    },
    {
      "module": "module.vpc_demo",
      "mode": "managed",
      "type": "aws_subnet",
      "name": "public-subnet-2",
      "provider": "provider[\"registry.terraform.io/hashicorp/aws\"]",
      "instances": [
        {
          "schema_version": 1,
          "attributes": {
            "arn": "arn:aws:ec2:us-east-1:600748199510:subnet/subnet-0f7954c45a16f5637",
            "assign_ipv6_address_on_creation": false,
            "availability_zone": "us-east-1b",
            "availability_zone_id": "use1-az1",
            "cidr_block": "10.0.2.0/24",
            "customer_owned_ipv4_pool": "",
            "enable_dns64": false,
            "enable_lni_at_device_index": 0,
            "enable_resource_name_dns_a_record_on_launch": false,
            "enable_resource_name_dns_aaaa_record_on_launch": false,
            "id": "subnet-0f7954c45a16f5637",
            "ipv6_cidr_block": "",
            "ipv6_cidr_block_association_id": "",
            "ipv6_native": false,
            "map_customer_owned_ip_on_launch": false,
            "map_public_ip_on_launch": true,
            "outpost_arn": "",
            "owner_id": "600748199510",
            "private_dns_hostname_type_on_launch": "ip-name",
            "tags": {
              "Name": "public-us-east-1b",
              "karpenter.sh/discovery": "EKS-By-Terraform-eks",
              "kubernetes.io/cluster/eks": "owned",
              "kubernetes.io/role/elb": "1"
            },
            "tags_all": {
              "Name": "public-us-east-1b",
              "karpenter.sh/discovery": "EKS-By-Terraform-eks",
              "kubernetes.io/cluster/eks": "owned",
              "kubernetes.io/role/elb": "1"
            },
            "timeouts": null,
            "vpc_id": "vpc-06ed7597dd8cd268d"
          },
          "sensitive_attributes": [],
          "private": "eyJlMmJmYjczMC1lY2FhLTExZTYtOGY4OC0zNDM2M2JjN2M0YzAiOnsiY3JlYXRlIjo2MDAwMDAwMDAwMDAsImRlbGV0ZSI6MTIwMDAwMDAwMDAwMH0sInNjaGVtYV92ZXJzaW9uIjoiMSJ9",
          "dependencies": [
            "module.vpc_demo.aws_vpc.my-vpc"
          ]
        }
      ]
    },
    {
      "module": "module.vpc_demo",
      "mode": "managed",
      "type": "aws_vpc",
      "name": "my-vpc",
      "provider": "provider[\"registry.terraform.io/hashicorp/aws\"]",
      "instances": [
        {
          "schema_version": 1,
          "attributes": {
            "arn": "arn:aws:ec2:us-east-1:600748199510:vpc/vpc-06ed7597dd8cd268d",
            "assign_generated_ipv6_cidr_block": false,
            "cidr_block": "10.0.0.0/16",
            "default_network_acl_id": "acl-08292c08a32a37b09",
            "default_route_table_id": "rtb-053fb8c634691e3d3",
            "default_security_group_id": "sg-049d34c1501ba82a0",
            "dhcp_options_id": "dopt-09a50bb26fc4cbcc7",
            "enable_dns_hostnames": false,
            "enable_dns_support": true,
            "enable_network_address_usage_metrics": false,
            "id": "vpc-06ed7597dd8cd268d",
            "instance_tenancy": "default",
            "ipv4_ipam_pool_id": null,
            "ipv4_netmask_length": null,
            "ipv6_association_id": "",
            "ipv6_cidr_block": "",
            "ipv6_cidr_block_network_border_group": "",
            "ipv6_ipam_pool_id": "",
            "ipv6_netmask_length": 0,
            "main_route_table_id": "rtb-053fb8c634691e3d3",
            "owner_id": "600748199510",
            "tags": {
              "Name": "EKS-By-Terraform-vpc"
            },
            "tags_all": {
              "Name": "EKS-By-Terraform-vpc"
            }
          },
          "sensitive_attributes": [],
          "private": "eyJzY2hlbWFfdmVyc2lvbiI6IjEifQ==",
          "create_before_destroy": true
        }
      ]
    },
    {
      "module": "module.vpc_demo",
      "mode": "managed",
      "type": "aws_vpc_security_group_egress_rule",
      "name": "egress_rule_ipv4",
      "provider": "provider[\"registry.terraform.io/hashicorp/aws\"]",
      "instances": [
        {
          "schema_version": 0,
          "attributes": {
            "arn": "arn:aws:ec2:us-east-1:600748199510:security-group-rule/sgr-08b24fba3009bc053",
            "cidr_ipv4": "0.0.0.0/0",
            "cidr_ipv6": null,
            "description": null,
            "from_port": null,
            "id": "sgr-08b24fba3009bc053",
            "ip_protocol": "-1",
            "prefix_list_id": null,
            "referenced_security_group_id": null,
            "security_group_id": "sg-04318670fb16b736e",
            "security_group_rule_id": "sgr-08b24fba3009bc053",
            "tags": null,
            "tags_all": {},
            "to_port": null
          },
          "sensitive_attributes": [],
          "dependencies": [
            "module.vpc_demo.aws_security_group.s_g",
            "module.vpc_demo.aws_vpc.my-vpc"
          ]
        }
      ]
    },
    {
      "module": "module.vpc_demo",
      "mode": "managed",
      "type": "aws_vpc_security_group_egress_rule",
      "name": "egress_rule_ipv6",
      "provider": "provider[\"registry.terraform.io/hashicorp/aws\"]",
      "instances": [
        {
          "schema_version": 0,
          "attributes": {
            "arn": "arn:aws:ec2:us-east-1:600748199510:security-group-rule/sgr-0674813d61013f92c",
            "cidr_ipv4": null,
            "cidr_ipv6": "::/0",
            "description": null,
            "from_port": null,
            "id": "sgr-0674813d61013f92c",
            "ip_protocol": "-1",
            "prefix_list_id": null,
            "referenced_security_group_id": null,
            "security_group_id": "sg-04318670fb16b736e",
            "security_group_rule_id": "sgr-0674813d61013f92c",
            "tags": null,
            "tags_all": {},
            "to_port": null
          },
          "sensitive_attributes": [],
          "dependencies": [
            "module.vpc_demo.aws_security_group.s_g",
            "module.vpc_demo.aws_vpc.my-vpc"
          ]
        }
      ]
    }
  ],
  "check_results": null
}
